// !$*UTF8*$!
{
	archiveVersion = 1;
	classes = {
	};
	objectVersion = 48;
	objects = {

/* Begin PBXBuildFile section */
		51345D6035DDE44C9B560BD4 /* libPods-DaiTaHuiJia.a in Frameworks */ = {isa = PBXBuildFile; fileRef = 40EDA2CACE07B19F8D9778A1 /* libPods-DaiTaHuiJia.a */; };
		9F2713F620774E5F000FC8E5 /* MainCollectionViewCell.m in Sources */ = {isa = PBXBuildFile; fileRef = 9F2713F520774E5F000FC8E5 /* MainCollectionViewCell.m */; };
		9F2713FC20779AD4000FC8E5 /* LostorDetaiViewController.m in Sources */ = {isa = PBXBuildFile; fileRef = 9F2713FB20779AD4000FC8E5 /* LostorDetaiViewController.m */; };
		9F2713FF20779BB7000FC8E5 /* BYNavigationBar.m in Sources */ = {isa = PBXBuildFile; fileRef = 9F2713FE20779BB7000FC8E5 /* BYNavigationBar.m */; };
		9F2714042077AEA1000FC8E5 /* LostorBirefView.m in Sources */ = {isa = PBXBuildFile; fileRef = 9F2714032077AEA1000FC8E5 /* LostorBirefView.m */; };
		9F337BCF20B95ACA00F91EBC /* LostorBaseInfoViewController.m in Sources */ = {isa = PBXBuildFile; fileRef = 9F337BCE20B95ACA00F91EBC /* LostorBaseInfoViewController.m */; };
		9F337BD220B9698D00F91EBC /* BaseInfoHeader.m in Sources */ = {isa = PBXBuildFile; fileRef = 9F337BD120B9698D00F91EBC /* BaseInfoHeader.m */; };
		9F337BD520B9909A00F91EBC /* ContentFillTableViewCell.m in Sources */ = {isa = PBXBuildFile; fileRef = 9F337BD420B9909A00F91EBC /* ContentFillTableViewCell.m */; };
		9F337BD820B9A43800F91EBC /* BaseInfoFooter.m in Sources */ = {isa = PBXBuildFile; fileRef = 9F337BD720B9A43800F91EBC /* BaseInfoFooter.m */; };
		9F337BDE20B9A4E200F91EBC /* BYLimitTextView.m in Sources */ = {isa = PBXBuildFile; fileRef = 9F337BDD20B9A4E200F91EBC /* BYLimitTextView.m */; };
		9F337BE120B9B5E300F91EBC /* LostorHealthInfoViewController.m in Sources */ = {isa = PBXBuildFile; fileRef = 9F337BE020B9B5E300F91EBC /* LostorHealthInfoViewController.m */; };
		9F337BE420BA805600F91EBC /* HealthInfoHeader.m in Sources */ = {isa = PBXBuildFile; fileRef = 9F337BE320BA805600F91EBC /* HealthInfoHeader.m */; };
		9F337BE720BA88A300F91EBC /* HealthTagTableViewCell.m in Sources */ = {isa = PBXBuildFile; fileRef = 9F337BE620BA88A300F91EBC /* HealthTagTableViewCell.m */; };
		9F337BEA20BA8C2100F91EBC /* HealthTagCell.m in Sources */ = {isa = PBXBuildFile; fileRef = 9F337BE920BA8C2100F91EBC /* HealthTagCell.m */; };
		9F337BEE20BA9F8300F91EBC /* HealthTagModel.m in Sources */ = {isa = PBXBuildFile; fileRef = 9F337BED20BA9F8300F91EBC /* HealthTagModel.m */; };
		9F337BF220BAA09E00F91EBC /* HealthTagViewModel.m in Sources */ = {isa = PBXBuildFile; fileRef = 9F337BF120BAA09E00F91EBC /* HealthTagViewModel.m */; };
		9F337BF520BAAAB900F91EBC /* LostorLostInfoViewController.m in Sources */ = {isa = PBXBuildFile; fileRef = 9F337BF420BAAAB900F91EBC /* LostorLostInfoViewController.m */; };
		9F337BFA20BB056500F91EBC /* LostorBaseInfoViewModel.m in Sources */ = {isa = PBXBuildFile; fileRef = 9F337BF920BB056500F91EBC /* LostorBaseInfoViewModel.m */; };
		9F337BFD20BB177600F91EBC /* DatePickerPopView.m in Sources */ = {isa = PBXBuildFile; fileRef = 9F337BFC20BB177600F91EBC /* DatePickerPopView.m */; };
		9F3FF75920679B6B006DBA49 /* UIColor+UIColor_Hex.m in Sources */ = {isa = PBXBuildFile; fileRef = 9F3FF75720679B6B006DBA49 /* UIColor+UIColor_Hex.m */; };
		9F3FF75C20679F59006DBA49 /* FunctionTableViewCell.m in Sources */ = {isa = PBXBuildFile; fileRef = 9F3FF75B20679F59006DBA49 /* FunctionTableViewCell.m */; };
		9F3FF75F2067D13C006DBA49 /* UserBriefTableViewCell.m in Sources */ = {isa = PBXBuildFile; fileRef = 9F3FF75E2067D13C006DBA49 /* UserBriefTableViewCell.m */; };
		9F66054F208EF09200E829CA /* MockSearchBar.m in Sources */ = {isa = PBXBuildFile; fileRef = 9F66054E208EF09200E829CA /* MockSearchBar.m */; };
		9F660556208F14F400E829CA /* LoginViewController.m in Sources */ = {isa = PBXBuildFile; fileRef = 9F660555208F14F400E829CA /* LoginViewController.m */; };
		9F660559208F574D00E829CA /* LoginViewModel.m in Sources */ = {isa = PBXBuildFile; fileRef = 9F660558208F574D00E829CA /* LoginViewModel.m */; };
		9F660561208F635600E829CA /* VerifyCodeViewController.m in Sources */ = {isa = PBXBuildFile; fileRef = 9F660560208F635600E829CA /* VerifyCodeViewController.m */; };
		9F660564208F68F700E829CA /* RegisteViewController.m in Sources */ = {isa = PBXBuildFile; fileRef = 9F660563208F68F700E829CA /* RegisteViewController.m */; };
		9F660567208F7FB600E829CA /* RegisteFlowViewController.m in Sources */ = {isa = PBXBuildFile; fileRef = 9F660566208F7FB600E829CA /* RegisteFlowViewController.m */; };
		9F66056D208F8B6B00E829CA /* RegisteFlowBaseView.m in Sources */ = {isa = PBXBuildFile; fileRef = 9F66056C208F8B6B00E829CA /* RegisteFlowBaseView.m */; };
		9F660570208F8DF800E829CA /* RegisteMobileFlowView.m in Sources */ = {isa = PBXBuildFile; fileRef = 9F66056F208F8DF800E829CA /* RegisteMobileFlowView.m */; };
		9F6605732090505F00E829CA /* VerifyCodeFlowView.m in Sources */ = {isa = PBXBuildFile; fileRef = 9F6605722090505F00E829CA /* VerifyCodeFlowView.m */; };
		9F6605762090616D00E829CA /* SetPasswordFlowView.m in Sources */ = {isa = PBXBuildFile; fileRef = 9F6605752090616D00E829CA /* SetPasswordFlowView.m */; };
		9F66057920906B8500E829CA /* PersonalInfoFlowView.m in Sources */ = {isa = PBXBuildFile; fileRef = 9F66057820906B8500E829CA /* PersonalInfoFlowView.m */; };
		9F66057C20907D9D00E829CA /* UploadImageView.m in Sources */ = {isa = PBXBuildFile; fileRef = 9F66057B20907D9D00E829CA /* UploadImageView.m */; };
		9F66057F2090A1CE00E829CA /* AuthFlowView.m in Sources */ = {isa = PBXBuildFile; fileRef = 9F66057E2090A1CE00E829CA /* AuthFlowView.m */; };
		9F828EE0206FE16600E440F2 /* BYSearchSegmentNavgationBar.m in Sources */ = {isa = PBXBuildFile; fileRef = 9F828EDF206FE16600E440F2 /* BYSearchSegmentNavgationBar.m */; };
		9F828EE8206FF6E700E440F2 /* BYSegmentBadgeButton.m in Sources */ = {isa = PBXBuildFile; fileRef = 9F828EE6206FF6E600E440F2 /* BYSegmentBadgeButton.m */; };
		9F828EE9206FF6E700E440F2 /* BYSegmentControl.m in Sources */ = {isa = PBXBuildFile; fileRef = 9F828EE7206FF6E700E440F2 /* BYSegmentControl.m */; };
		9F828EEC2070B6D300E440F2 /* DataListViewController.m in Sources */ = {isa = PBXBuildFile; fileRef = 9F828EEB2070B6D300E440F2 /* DataListViewController.m */; };
		9F8657272095CFEC00A94728 /* LostBriefModel.m in Sources */ = {isa = PBXBuildFile; fileRef = 9F8657262095CFEC00A94728 /* LostBriefModel.m */; };
		9F86572A209600F000A94728 /* ClueModel.m in Sources */ = {isa = PBXBuildFile; fileRef = 9F865729209600F000A94728 /* ClueModel.m */; };
		9F86572D20960D1700A94728 /* CommentModel.m in Sources */ = {isa = PBXBuildFile; fileRef = 9F86572C20960D1700A94728 /* CommentModel.m */; };
		9FB8727E20BC2A93002512AC /* GenderPickerPopView.m in Sources */ = {isa = PBXBuildFile; fileRef = 9FB8727D20BC2A93002512AC /* GenderPickerPopView.m */; };
		9FB8728320BC348C002512AC /* NSDictionary+ValueForKey.m in Sources */ = {isa = PBXBuildFile; fileRef = 9FB8728220BC348C002512AC /* NSDictionary+ValueForKey.m */; };
		9FB8728820BC3D75002512AC /* regionOfThreeLevel.plist in Resources */ = {isa = PBXBuildFile; fileRef = 9FB8728520BC3D75002512AC /* regionOfThreeLevel.plist */; };
		9FB8728920BC3D75002512AC /* citydict.plist in Resources */ = {isa = PBXBuildFile; fileRef = 9FB8728620BC3D75002512AC /* citydict.plist */; };
		9FB8728A20BC3D75002512AC /* regionGroupByThreeLevelUseOringinType.plist in Resources */ = {isa = PBXBuildFile; fileRef = 9FB8728720BC3D75002512AC /* regionGroupByThreeLevelUseOringinType.plist */; };
		9FB8728D20BC3ECE002512AC /* RegionPickerView.m in Sources */ = {isa = PBXBuildFile; fileRef = 9FB8728C20BC3ECE002512AC /* RegionPickerView.m */; };
		9FB8729620BC473E002512AC /* DistrictModel.m in Sources */ = {isa = PBXBuildFile; fileRef = 9FB8729520BC473E002512AC /* DistrictModel.m */; };
		9FB8729920BC474C002512AC /* CityModel.m in Sources */ = {isa = PBXBuildFile; fileRef = 9FB8729820BC474C002512AC /* CityModel.m */; };
		9FB8729C20BC475B002512AC /* ProvinceModel.m in Sources */ = {isa = PBXBuildFile; fileRef = 9FB8729B20BC475B002512AC /* ProvinceModel.m */; };
		9FC445EE2089CEE4009BF75E /* FireworksView.m in Sources */ = {isa = PBXBuildFile; fileRef = 9FC445ED2089CEE4009BF75E /* FireworksView.m */; };
		9FC445F12089CF40009BF75E /* PraiseButton.m in Sources */ = {isa = PBXBuildFile; fileRef = 9FC445F02089CF40009BF75E /* PraiseButton.m */; };
		9FC445F52089DB14009BF75E /* BYBasePopView.m in Sources */ = {isa = PBXBuildFile; fileRef = 9FC445F42089DB14009BF75E /* BYBasePopView.m */; };
		9FC445FA2089E295009BF75E /* ReportPopView.m in Sources */ = {isa = PBXBuildFile; fileRef = 9FC445F92089E295009BF75E /* ReportPopView.m */; };
		9FC445FD208B0EBE009BF75E /* BYCenterTitleTableViewCell.m in Sources */ = {isa = PBXBuildFile; fileRef = 9FC445FC208B0EBE009BF75E /* BYCenterTitleTableViewCell.m */; };
		9FC44600208B8783009BF75E /* BYContentTableViewCell.m in Sources */ = {isa = PBXBuildFile; fileRef = 9FC445FF208B8783009BF75E /* BYContentTableViewCell.m */; };
		9FC44603208C3387009BF75E /* FocusTipView.m in Sources */ = {isa = PBXBuildFile; fileRef = 9FC44602208C3387009BF75E /* FocusTipView.m */; };
		9FC44607208C65B7009BF75E /* LostorDetailViewModel.m in Sources */ = {isa = PBXBuildFile; fileRef = 9FC44606208C65B7009BF75E /* LostorDetailViewModel.m */; };
		9FC4460A208CCC54009BF75E /* ChoosePublishView.m in Sources */ = {isa = PBXBuildFile; fileRef = 9FC44609208CCC54009BF75E /* ChoosePublishView.m */; };
		9FC44612208DB3EF009BF75E /* BYTagsView.m in Sources */ = {isa = PBXBuildFile; fileRef = 9FC4460F208DB3EF009BF75E /* BYTagsView.m */; };
		9FC44613208DB3EF009BF75E /* BYTagCollectionViewCell.m in Sources */ = {isa = PBXBuildFile; fileRef = 9FC44611208DB3EF009BF75E /* BYTagCollectionViewCell.m */; };
		9FC44616208DB418009BF75E /* BYCollectionViewFlowLayout.m in Sources */ = {isa = PBXBuildFile; fileRef = 9FC44614208DB418009BF75E /* BYCollectionViewFlowLayout.m */; };
		9FC44619208DBAB7009BF75E /* SearchPopView.m in Sources */ = {isa = PBXBuildFile; fileRef = 9FC44618208DBAB7009BF75E /* SearchPopView.m */; };
		9FC44620208DE9D1009BF75E /* SearchCollectionHeaderView.m in Sources */ = {isa = PBXBuildFile; fileRef = 9FC4461F208DE9D1009BF75E /* SearchCollectionHeaderView.m */; };
		9FCA49352081D8CC008DF13F /* CommentTableViewCell.m in Sources */ = {isa = PBXBuildFile; fileRef = 9FCA49342081D8CC008DF13F /* CommentTableViewCell.m */; };
		9FCA493D2082014A008DF13F /* BYEvaluateStar.m in Sources */ = {isa = PBXBuildFile; fileRef = 9FCA493B2082014A008DF13F /* BYEvaluateStar.m */; };
		9FCA493E2082014A008DF13F /* BYStarButton.m in Sources */ = {isa = PBXBuildFile; fileRef = 9FCA493C2082014A008DF13F /* BYStarButton.m */; };
		9FCA4944208216EA008DF13F /* BYDialogBox.m in Sources */ = {isa = PBXBuildFile; fileRef = 9FCA4943208216EA008DF13F /* BYDialogBox.m */; };
		9FDA92AD207899F50086C583 /* LostorFocusInfoTableViewCell.m in Sources */ = {isa = PBXBuildFile; fileRef = 9FDA92AC207899F50086C583 /* LostorFocusInfoTableViewCell.m */; };
		9FDA92B02078B2FE0086C583 /* MorePhotoTableViewCell.m in Sources */ = {isa = PBXBuildFile; fileRef = 9FDA92AF2078B2FE0086C583 /* MorePhotoTableViewCell.m */; };
		9FDA92B32078C6860086C583 /* TitleTableViewCell.m in Sources */ = {isa = PBXBuildFile; fileRef = 9FDA92B22078C6860086C583 /* TitleTableViewCell.m */; };
		9FDA92B62078CAD30086C583 /* ClueChainTableViewCell.m in Sources */ = {isa = PBXBuildFile; fileRef = 9FDA92B52078CAD30086C583 /* ClueChainTableViewCell.m */; };
		9FDA92BA2078E0910086C583 /* UITableViewCell+BottomLine.m in Sources */ = {isa = PBXBuildFile; fileRef = 9FDA92B92078E0910086C583 /* UITableViewCell+BottomLine.m */; };
		9FDA92BD2078F3390086C583 /* BottomOperateTableViewCell.m in Sources */ = {isa = PBXBuildFile; fileRef = 9FDA92BC2078F3390086C583 /* BottomOperateTableViewCell.m */; };
		9FFC181B205E637100CCAEC3 /* AppDelegate.m in Sources */ = {isa = PBXBuildFile; fileRef = 9FFC181A205E637100CCAEC3 /* AppDelegate.m */; };
		9FFC181E205E637100CCAEC3 /* ViewController.m in Sources */ = {isa = PBXBuildFile; fileRef = 9FFC181D205E637100CCAEC3 /* ViewController.m */; };
		9FFC1821205E637100CCAEC3 /* Main.storyboard in Resources */ = {isa = PBXBuildFile; fileRef = 9FFC181F205E637100CCAEC3 /* Main.storyboard */; };
		9FFC1823205E637100CCAEC3 /* Assets.xcassets in Resources */ = {isa = PBXBuildFile; fileRef = 9FFC1822205E637100CCAEC3 /* Assets.xcassets */; };
		9FFC1826205E637100CCAEC3 /* LaunchScreen.storyboard in Resources */ = {isa = PBXBuildFile; fileRef = 9FFC1824205E637100CCAEC3 /* LaunchScreen.storyboard */; };
		9FFC1829205E637100CCAEC3 /* main.m in Sources */ = {isa = PBXBuildFile; fileRef = 9FFC1828205E637100CCAEC3 /* main.m */; };
		9FFC1832205E66CA00CCAEC3 /* BaseTabBarController.m in Sources */ = {isa = PBXBuildFile; fileRef = 9FFC1831205E66CA00CCAEC3 /* BaseTabBarController.m */; };
		9FFC1835205E66FB00CCAEC3 /* BaseNavigationController.m in Sources */ = {isa = PBXBuildFile; fileRef = 9FFC1834205E66FB00CCAEC3 /* BaseNavigationController.m */; };
		9FFC1838205E671000CCAEC3 /* BaseViewController.m in Sources */ = {isa = PBXBuildFile; fileRef = 9FFC1837205E671000CCAEC3 /* BaseViewController.m */; };
		9FFC183C205E9AFC00CCAEC3 /* BYPublishTabBar.m in Sources */ = {isa = PBXBuildFile; fileRef = 9FFC183B205E9AFC00CCAEC3 /* BYPublishTabBar.m */; };
		9FFC183F205EAC0100CCAEC3 /* MainTabBar.m in Sources */ = {isa = PBXBuildFile; fileRef = 9FFC183E205EAC0100CCAEC3 /* MainTabBar.m */; };
		9FFC18492066504000CCAEC3 /* PublishItemView.m in Sources */ = {isa = PBXBuildFile; fileRef = 9FFC18482066504000CCAEC3 /* PublishItemView.m */; };
		9FFC184E2066A62500CCAEC3 /* ChoosePublishViewController.m in Sources */ = {isa = PBXBuildFile; fileRef = 9FFC184D2066A62500CCAEC3 /* ChoosePublishViewController.m */; };
		9FFC18532066C9F800CCAEC3 /* MainPageViewController.m in Sources */ = {isa = PBXBuildFile; fileRef = 9FFC18522066C9F800CCAEC3 /* MainPageViewController.m */; };
		9FFC18562066CA0500CCAEC3 /* MineViewController.m in Sources */ = {isa = PBXBuildFile; fileRef = 9FFC18552066CA0500CCAEC3 /* MineViewController.m */; };
/* End PBXBuildFile section */

/* Begin PBXFileReference section */
		40EDA2CACE07B19F8D9778A1 /* libPods-DaiTaHuiJia.a */ = {isa = PBXFileReference; explicitFileType = archive.ar; includeInIndex = 0; path = "libPods-DaiTaHuiJia.a"; sourceTree = BUILT_PRODUCTS_DIR; };
		554155AF977F4C4F8B84F8F3 /* Pods-DaiTaHuiJia.release.xcconfig */ = {isa = PBXFileReference; includeInIndex = 1; lastKnownFileType = text.xcconfig; name = "Pods-DaiTaHuiJia.release.xcconfig"; path = "Pods/Target Support Files/Pods-DaiTaHuiJia/Pods-DaiTaHuiJia.release.xcconfig"; sourceTree = "<group>"; };
		9F2713F420774E5F000FC8E5 /* MainCollectionViewCell.h */ = {isa = PBXFileReference; lastKnownFileType = sourcecode.c.h; path = MainCollectionViewCell.h; sourceTree = "<group>"; };
		9F2713F520774E5F000FC8E5 /* MainCollectionViewCell.m */ = {isa = PBXFileReference; lastKnownFileType = sourcecode.c.objc; path = MainCollectionViewCell.m; sourceTree = "<group>"; };
		9F2713FA20779AD4000FC8E5 /* LostorDetaiViewController.h */ = {isa = PBXFileReference; lastKnownFileType = sourcecode.c.h; path = LostorDetaiViewController.h; sourceTree = "<group>"; };
		9F2713FB20779AD4000FC8E5 /* LostorDetaiViewController.m */ = {isa = PBXFileReference; lastKnownFileType = sourcecode.c.objc; path = LostorDetaiViewController.m; sourceTree = "<group>"; };
		9F2713FD20779BB7000FC8E5 /* BYNavigationBar.h */ = {isa = PBXFileReference; lastKnownFileType = sourcecode.c.h; path = BYNavigationBar.h; sourceTree = "<group>"; };
		9F2713FE20779BB7000FC8E5 /* BYNavigationBar.m */ = {isa = PBXFileReference; lastKnownFileType = sourcecode.c.objc; path = BYNavigationBar.m; sourceTree = "<group>"; };
		9F2714022077AEA1000FC8E5 /* LostorBirefView.h */ = {isa = PBXFileReference; lastKnownFileType = sourcecode.c.h; path = LostorBirefView.h; sourceTree = "<group>"; };
		9F2714032077AEA1000FC8E5 /* LostorBirefView.m */ = {isa = PBXFileReference; lastKnownFileType = sourcecode.c.objc; path = LostorBirefView.m; sourceTree = "<group>"; };
		9F337BCD20B95ACA00F91EBC /* LostorBaseInfoViewController.h */ = {isa = PBXFileReference; lastKnownFileType = sourcecode.c.h; path = LostorBaseInfoViewController.h; sourceTree = "<group>"; };
		9F337BCE20B95ACA00F91EBC /* LostorBaseInfoViewController.m */ = {isa = PBXFileReference; lastKnownFileType = sourcecode.c.objc; path = LostorBaseInfoViewController.m; sourceTree = "<group>"; };
		9F337BD020B9698D00F91EBC /* BaseInfoHeader.h */ = {isa = PBXFileReference; lastKnownFileType = sourcecode.c.h; path = BaseInfoHeader.h; sourceTree = "<group>"; };
		9F337BD120B9698D00F91EBC /* BaseInfoHeader.m */ = {isa = PBXFileReference; lastKnownFileType = sourcecode.c.objc; path = BaseInfoHeader.m; sourceTree = "<group>"; };
		9F337BD320B9909A00F91EBC /* ContentFillTableViewCell.h */ = {isa = PBXFileReference; lastKnownFileType = sourcecode.c.h; path = ContentFillTableViewCell.h; sourceTree = "<group>"; };
		9F337BD420B9909A00F91EBC /* ContentFillTableViewCell.m */ = {isa = PBXFileReference; lastKnownFileType = sourcecode.c.objc; path = ContentFillTableViewCell.m; sourceTree = "<group>"; };
		9F337BD620B9A43800F91EBC /* BaseInfoFooter.h */ = {isa = PBXFileReference; lastKnownFileType = sourcecode.c.h; path = BaseInfoFooter.h; sourceTree = "<group>"; };
		9F337BD720B9A43800F91EBC /* BaseInfoFooter.m */ = {isa = PBXFileReference; lastKnownFileType = sourcecode.c.objc; path = BaseInfoFooter.m; sourceTree = "<group>"; };
		9F337BDC20B9A4E200F91EBC /* BYLimitTextView.h */ = {isa = PBXFileReference; fileEncoding = 4; lastKnownFileType = sourcecode.c.h; path = BYLimitTextView.h; sourceTree = "<group>"; };
		9F337BDD20B9A4E200F91EBC /* BYLimitTextView.m */ = {isa = PBXFileReference; fileEncoding = 4; lastKnownFileType = sourcecode.c.objc; path = BYLimitTextView.m; sourceTree = "<group>"; };
		9F337BDF20B9B5E300F91EBC /* LostorHealthInfoViewController.h */ = {isa = PBXFileReference; lastKnownFileType = sourcecode.c.h; path = LostorHealthInfoViewController.h; sourceTree = "<group>"; };
		9F337BE020B9B5E300F91EBC /* LostorHealthInfoViewController.m */ = {isa = PBXFileReference; lastKnownFileType = sourcecode.c.objc; path = LostorHealthInfoViewController.m; sourceTree = "<group>"; };
		9F337BE220BA805600F91EBC /* HealthInfoHeader.h */ = {isa = PBXFileReference; lastKnownFileType = sourcecode.c.h; path = HealthInfoHeader.h; sourceTree = "<group>"; };
		9F337BE320BA805600F91EBC /* HealthInfoHeader.m */ = {isa = PBXFileReference; lastKnownFileType = sourcecode.c.objc; path = HealthInfoHeader.m; sourceTree = "<group>"; };
		9F337BE520BA88A300F91EBC /* HealthTagTableViewCell.h */ = {isa = PBXFileReference; lastKnownFileType = sourcecode.c.h; path = HealthTagTableViewCell.h; sourceTree = "<group>"; };
		9F337BE620BA88A300F91EBC /* HealthTagTableViewCell.m */ = {isa = PBXFileReference; lastKnownFileType = sourcecode.c.objc; path = HealthTagTableViewCell.m; sourceTree = "<group>"; };
		9F337BE820BA8C2100F91EBC /* HealthTagCell.h */ = {isa = PBXFileReference; lastKnownFileType = sourcecode.c.h; path = HealthTagCell.h; sourceTree = "<group>"; };
		9F337BE920BA8C2100F91EBC /* HealthTagCell.m */ = {isa = PBXFileReference; lastKnownFileType = sourcecode.c.objc; path = HealthTagCell.m; sourceTree = "<group>"; };
		9F337BEC20BA9F8300F91EBC /* HealthTagModel.h */ = {isa = PBXFileReference; lastKnownFileType = sourcecode.c.h; path = HealthTagModel.h; sourceTree = "<group>"; };
		9F337BED20BA9F8300F91EBC /* HealthTagModel.m */ = {isa = PBXFileReference; lastKnownFileType = sourcecode.c.objc; path = HealthTagModel.m; sourceTree = "<group>"; };
		9F337BF020BAA09E00F91EBC /* HealthTagViewModel.h */ = {isa = PBXFileReference; lastKnownFileType = sourcecode.c.h; path = HealthTagViewModel.h; sourceTree = "<group>"; };
		9F337BF120BAA09E00F91EBC /* HealthTagViewModel.m */ = {isa = PBXFileReference; lastKnownFileType = sourcecode.c.objc; path = HealthTagViewModel.m; sourceTree = "<group>"; };
		9F337BF320BAAAB900F91EBC /* LostorLostInfoViewController.h */ = {isa = PBXFileReference; lastKnownFileType = sourcecode.c.h; path = LostorLostInfoViewController.h; sourceTree = "<group>"; };
		9F337BF420BAAAB900F91EBC /* LostorLostInfoViewController.m */ = {isa = PBXFileReference; lastKnownFileType = sourcecode.c.objc; path = LostorLostInfoViewController.m; sourceTree = "<group>"; };
		9F337BF820BB056500F91EBC /* LostorBaseInfoViewModel.h */ = {isa = PBXFileReference; lastKnownFileType = sourcecode.c.h; path = LostorBaseInfoViewModel.h; sourceTree = "<group>"; };
		9F337BF920BB056500F91EBC /* LostorBaseInfoViewModel.m */ = {isa = PBXFileReference; lastKnownFileType = sourcecode.c.objc; path = LostorBaseInfoViewModel.m; sourceTree = "<group>"; };
		9F337BFB20BB177600F91EBC /* DatePickerPopView.h */ = {isa = PBXFileReference; lastKnownFileType = sourcecode.c.h; path = DatePickerPopView.h; sourceTree = "<group>"; };
		9F337BFC20BB177600F91EBC /* DatePickerPopView.m */ = {isa = PBXFileReference; lastKnownFileType = sourcecode.c.objc; path = DatePickerPopView.m; sourceTree = "<group>"; };
		9F3FF75720679B6B006DBA49 /* UIColor+UIColor_Hex.m */ = {isa = PBXFileReference; fileEncoding = 4; lastKnownFileType = sourcecode.c.objc; path = "UIColor+UIColor_Hex.m"; sourceTree = "<group>"; };
		9F3FF75820679B6B006DBA49 /* UIColor+UIColor_Hex.h */ = {isa = PBXFileReference; fileEncoding = 4; lastKnownFileType = sourcecode.c.h; path = "UIColor+UIColor_Hex.h"; sourceTree = "<group>"; };
		9F3FF75A20679F59006DBA49 /* FunctionTableViewCell.h */ = {isa = PBXFileReference; lastKnownFileType = sourcecode.c.h; path = FunctionTableViewCell.h; sourceTree = "<group>"; };
		9F3FF75B20679F59006DBA49 /* FunctionTableViewCell.m */ = {isa = PBXFileReference; lastKnownFileType = sourcecode.c.objc; path = FunctionTableViewCell.m; sourceTree = "<group>"; };
		9F3FF75D2067D13C006DBA49 /* UserBriefTableViewCell.h */ = {isa = PBXFileReference; lastKnownFileType = sourcecode.c.h; path = UserBriefTableViewCell.h; sourceTree = "<group>"; };
		9F3FF75E2067D13C006DBA49 /* UserBriefTableViewCell.m */ = {isa = PBXFileReference; lastKnownFileType = sourcecode.c.objc; path = UserBriefTableViewCell.m; sourceTree = "<group>"; };
		9F66054D208EF09200E829CA /* MockSearchBar.h */ = {isa = PBXFileReference; lastKnownFileType = sourcecode.c.h; path = MockSearchBar.h; sourceTree = "<group>"; };
		9F66054E208EF09200E829CA /* MockSearchBar.m */ = {isa = PBXFileReference; lastKnownFileType = sourcecode.c.objc; path = MockSearchBar.m; sourceTree = "<group>"; };
		9F660554208F14F400E829CA /* LoginViewController.h */ = {isa = PBXFileReference; lastKnownFileType = sourcecode.c.h; path = LoginViewController.h; sourceTree = "<group>"; };
		9F660555208F14F400E829CA /* LoginViewController.m */ = {isa = PBXFileReference; lastKnownFileType = sourcecode.c.objc; path = LoginViewController.m; sourceTree = "<group>"; };
		9F660557208F574D00E829CA /* LoginViewModel.h */ = {isa = PBXFileReference; lastKnownFileType = sourcecode.c.h; path = LoginViewModel.h; sourceTree = "<group>"; };
		9F660558208F574D00E829CA /* LoginViewModel.m */ = {isa = PBXFileReference; lastKnownFileType = sourcecode.c.objc; path = LoginViewModel.m; sourceTree = "<group>"; };
		9F66055F208F635600E829CA /* VerifyCodeViewController.h */ = {isa = PBXFileReference; lastKnownFileType = sourcecode.c.h; path = VerifyCodeViewController.h; sourceTree = "<group>"; };
		9F660560208F635600E829CA /* VerifyCodeViewController.m */ = {isa = PBXFileReference; lastKnownFileType = sourcecode.c.objc; path = VerifyCodeViewController.m; sourceTree = "<group>"; };
		9F660562208F68F700E829CA /* RegisteViewController.h */ = {isa = PBXFileReference; lastKnownFileType = sourcecode.c.h; path = RegisteViewController.h; sourceTree = "<group>"; };
		9F660563208F68F700E829CA /* RegisteViewController.m */ = {isa = PBXFileReference; lastKnownFileType = sourcecode.c.objc; path = RegisteViewController.m; sourceTree = "<group>"; };
		9F660565208F7FB600E829CA /* RegisteFlowViewController.h */ = {isa = PBXFileReference; lastKnownFileType = sourcecode.c.h; path = RegisteFlowViewController.h; sourceTree = "<group>"; };
		9F660566208F7FB600E829CA /* RegisteFlowViewController.m */ = {isa = PBXFileReference; lastKnownFileType = sourcecode.c.objc; path = RegisteFlowViewController.m; sourceTree = "<group>"; };
		9F66056B208F8B6B00E829CA /* RegisteFlowBaseView.h */ = {isa = PBXFileReference; lastKnownFileType = sourcecode.c.h; path = RegisteFlowBaseView.h; sourceTree = "<group>"; };
		9F66056C208F8B6B00E829CA /* RegisteFlowBaseView.m */ = {isa = PBXFileReference; lastKnownFileType = sourcecode.c.objc; path = RegisteFlowBaseView.m; sourceTree = "<group>"; };
		9F66056E208F8DF800E829CA /* RegisteMobileFlowView.h */ = {isa = PBXFileReference; lastKnownFileType = sourcecode.c.h; path = RegisteMobileFlowView.h; sourceTree = "<group>"; };
		9F66056F208F8DF800E829CA /* RegisteMobileFlowView.m */ = {isa = PBXFileReference; lastKnownFileType = sourcecode.c.objc; path = RegisteMobileFlowView.m; sourceTree = "<group>"; };
		9F6605712090505F00E829CA /* VerifyCodeFlowView.h */ = {isa = PBXFileReference; lastKnownFileType = sourcecode.c.h; path = VerifyCodeFlowView.h; sourceTree = "<group>"; };
		9F6605722090505F00E829CA /* VerifyCodeFlowView.m */ = {isa = PBXFileReference; lastKnownFileType = sourcecode.c.objc; path = VerifyCodeFlowView.m; sourceTree = "<group>"; };
		9F6605742090616D00E829CA /* SetPasswordFlowView.h */ = {isa = PBXFileReference; lastKnownFileType = sourcecode.c.h; path = SetPasswordFlowView.h; sourceTree = "<group>"; };
		9F6605752090616D00E829CA /* SetPasswordFlowView.m */ = {isa = PBXFileReference; lastKnownFileType = sourcecode.c.objc; path = SetPasswordFlowView.m; sourceTree = "<group>"; };
		9F66057720906B8500E829CA /* PersonalInfoFlowView.h */ = {isa = PBXFileReference; lastKnownFileType = sourcecode.c.h; path = PersonalInfoFlowView.h; sourceTree = "<group>"; };
		9F66057820906B8500E829CA /* PersonalInfoFlowView.m */ = {isa = PBXFileReference; lastKnownFileType = sourcecode.c.objc; path = PersonalInfoFlowView.m; sourceTree = "<group>"; };
		9F66057A20907D9D00E829CA /* UploadImageView.h */ = {isa = PBXFileReference; lastKnownFileType = sourcecode.c.h; path = UploadImageView.h; sourceTree = "<group>"; };
		9F66057B20907D9D00E829CA /* UploadImageView.m */ = {isa = PBXFileReference; lastKnownFileType = sourcecode.c.objc; path = UploadImageView.m; sourceTree = "<group>"; };
		9F66057D2090A1CE00E829CA /* AuthFlowView.h */ = {isa = PBXFileReference; lastKnownFileType = sourcecode.c.h; path = AuthFlowView.h; sourceTree = "<group>"; };
		9F66057E2090A1CE00E829CA /* AuthFlowView.m */ = {isa = PBXFileReference; lastKnownFileType = sourcecode.c.objc; path = AuthFlowView.m; sourceTree = "<group>"; };
		9F828EDE206FE16600E440F2 /* BYSearchSegmentNavgationBar.h */ = {isa = PBXFileReference; lastKnownFileType = sourcecode.c.h; path = BYSearchSegmentNavgationBar.h; sourceTree = "<group>"; };
		9F828EDF206FE16600E440F2 /* BYSearchSegmentNavgationBar.m */ = {isa = PBXFileReference; lastKnownFileType = sourcecode.c.objc; path = BYSearchSegmentNavgationBar.m; sourceTree = "<group>"; };
		9F828EE4206FF6E600E440F2 /* BYSegmentBadgeButton.h */ = {isa = PBXFileReference; fileEncoding = 4; lastKnownFileType = sourcecode.c.h; path = BYSegmentBadgeButton.h; sourceTree = "<group>"; };
		9F828EE5206FF6E600E440F2 /* BYSegmentControl.h */ = {isa = PBXFileReference; fileEncoding = 4; lastKnownFileType = sourcecode.c.h; path = BYSegmentControl.h; sourceTree = "<group>"; };
		9F828EE6206FF6E600E440F2 /* BYSegmentBadgeButton.m */ = {isa = PBXFileReference; fileEncoding = 4; lastKnownFileType = sourcecode.c.objc; path = BYSegmentBadgeButton.m; sourceTree = "<group>"; };
		9F828EE7206FF6E700E440F2 /* BYSegmentControl.m */ = {isa = PBXFileReference; fileEncoding = 4; lastKnownFileType = sourcecode.c.objc; path = BYSegmentControl.m; sourceTree = "<group>"; };
		9F828EEA2070B6D300E440F2 /* DataListViewController.h */ = {isa = PBXFileReference; lastKnownFileType = sourcecode.c.h; path = DataListViewController.h; sourceTree = "<group>"; };
		9F828EEB2070B6D300E440F2 /* DataListViewController.m */ = {isa = PBXFileReference; lastKnownFileType = sourcecode.c.objc; path = DataListViewController.m; sourceTree = "<group>"; };
		9F8657252095CFEC00A94728 /* LostBriefModel.h */ = {isa = PBXFileReference; lastKnownFileType = sourcecode.c.h; path = LostBriefModel.h; sourceTree = "<group>"; };
		9F8657262095CFEC00A94728 /* LostBriefModel.m */ = {isa = PBXFileReference; lastKnownFileType = sourcecode.c.objc; path = LostBriefModel.m; sourceTree = "<group>"; };
		9F865728209600F000A94728 /* ClueModel.h */ = {isa = PBXFileReference; lastKnownFileType = sourcecode.c.h; path = ClueModel.h; sourceTree = "<group>"; };
		9F865729209600F000A94728 /* ClueModel.m */ = {isa = PBXFileReference; lastKnownFileType = sourcecode.c.objc; path = ClueModel.m; sourceTree = "<group>"; };
		9F86572B20960D1700A94728 /* CommentModel.h */ = {isa = PBXFileReference; lastKnownFileType = sourcecode.c.h; path = CommentModel.h; sourceTree = "<group>"; };
		9F86572C20960D1700A94728 /* CommentModel.m */ = {isa = PBXFileReference; lastKnownFileType = sourcecode.c.objc; path = CommentModel.m; sourceTree = "<group>"; };
		9FB8727C20BC2A93002512AC /* GenderPickerPopView.h */ = {isa = PBXFileReference; lastKnownFileType = sourcecode.c.h; path = GenderPickerPopView.h; sourceTree = "<group>"; };
		9FB8727D20BC2A93002512AC /* GenderPickerPopView.m */ = {isa = PBXFileReference; lastKnownFileType = sourcecode.c.objc; path = GenderPickerPopView.m; sourceTree = "<group>"; };
		9FB8728120BC348C002512AC /* NSDictionary+ValueForKey.h */ = {isa = PBXFileReference; fileEncoding = 4; lastKnownFileType = sourcecode.c.h; path = "NSDictionary+ValueForKey.h"; sourceTree = "<group>"; };
		9FB8728220BC348C002512AC /* NSDictionary+ValueForKey.m */ = {isa = PBXFileReference; fileEncoding = 4; lastKnownFileType = sourcecode.c.objc; path = "NSDictionary+ValueForKey.m"; sourceTree = "<group>"; };
		9FB8728520BC3D75002512AC /* regionOfThreeLevel.plist */ = {isa = PBXFileReference; fileEncoding = 4; lastKnownFileType = text.plist.xml; path = regionOfThreeLevel.plist; sourceTree = "<group>"; };
		9FB8728620BC3D75002512AC /* citydict.plist */ = {isa = PBXFileReference; fileEncoding = 4; lastKnownFileType = text.plist.xml; path = citydict.plist; sourceTree = "<group>"; };
		9FB8728720BC3D75002512AC /* regionGroupByThreeLevelUseOringinType.plist */ = {isa = PBXFileReference; fileEncoding = 4; lastKnownFileType = text.plist.xml; path = regionGroupByThreeLevelUseOringinType.plist; sourceTree = "<group>"; };
		9FB8728B20BC3ECE002512AC /* RegionPickerView.h */ = {isa = PBXFileReference; lastKnownFileType = sourcecode.c.h; path = RegionPickerView.h; sourceTree = "<group>"; };
		9FB8728C20BC3ECE002512AC /* RegionPickerView.m */ = {isa = PBXFileReference; lastKnownFileType = sourcecode.c.objc; path = RegionPickerView.m; sourceTree = "<group>"; };
		9FB8729420BC473E002512AC /* DistrictModel.h */ = {isa = PBXFileReference; lastKnownFileType = sourcecode.c.h; path = DistrictModel.h; sourceTree = "<group>"; };
		9FB8729520BC473E002512AC /* DistrictModel.m */ = {isa = PBXFileReference; lastKnownFileType = sourcecode.c.objc; path = DistrictModel.m; sourceTree = "<group>"; };
		9FB8729720BC474C002512AC /* CityModel.h */ = {isa = PBXFileReference; lastKnownFileType = sourcecode.c.h; path = CityModel.h; sourceTree = "<group>"; };
		9FB8729820BC474C002512AC /* CityModel.m */ = {isa = PBXFileReference; lastKnownFileType = sourcecode.c.objc; path = CityModel.m; sourceTree = "<group>"; };
		9FB8729A20BC475B002512AC /* ProvinceModel.h */ = {isa = PBXFileReference; lastKnownFileType = sourcecode.c.h; path = ProvinceModel.h; sourceTree = "<group>"; };
		9FB8729B20BC475B002512AC /* ProvinceModel.m */ = {isa = PBXFileReference; lastKnownFileType = sourcecode.c.objc; path = ProvinceModel.m; sourceTree = "<group>"; };
		9FC445EC2089CEE4009BF75E /* FireworksView.h */ = {isa = PBXFileReference; lastKnownFileType = sourcecode.c.h; path = FireworksView.h; sourceTree = "<group>"; };
		9FC445ED2089CEE4009BF75E /* FireworksView.m */ = {isa = PBXFileReference; lastKnownFileType = sourcecode.c.objc; path = FireworksView.m; sourceTree = "<group>"; };
		9FC445EF2089CF40009BF75E /* PraiseButton.h */ = {isa = PBXFileReference; lastKnownFileType = sourcecode.c.h; path = PraiseButton.h; sourceTree = "<group>"; };
		9FC445F02089CF40009BF75E /* PraiseButton.m */ = {isa = PBXFileReference; lastKnownFileType = sourcecode.c.objc; path = PraiseButton.m; sourceTree = "<group>"; };
		9FC445F32089DB14009BF75E /* BYBasePopView.h */ = {isa = PBXFileReference; lastKnownFileType = sourcecode.c.h; path = BYBasePopView.h; sourceTree = "<group>"; };
		9FC445F42089DB14009BF75E /* BYBasePopView.m */ = {isa = PBXFileReference; lastKnownFileType = sourcecode.c.objc; path = BYBasePopView.m; sourceTree = "<group>"; };
		9FC445F82089E295009BF75E /* ReportPopView.h */ = {isa = PBXFileReference; lastKnownFileType = sourcecode.c.h; path = ReportPopView.h; sourceTree = "<group>"; };
		9FC445F92089E295009BF75E /* ReportPopView.m */ = {isa = PBXFileReference; lastKnownFileType = sourcecode.c.objc; path = ReportPopView.m; sourceTree = "<group>"; };
		9FC445FB208B0EBE009BF75E /* BYCenterTitleTableViewCell.h */ = {isa = PBXFileReference; lastKnownFileType = sourcecode.c.h; path = BYCenterTitleTableViewCell.h; sourceTree = "<group>"; };
		9FC445FC208B0EBE009BF75E /* BYCenterTitleTableViewCell.m */ = {isa = PBXFileReference; lastKnownFileType = sourcecode.c.objc; path = BYCenterTitleTableViewCell.m; sourceTree = "<group>"; };
		9FC445FE208B8783009BF75E /* BYContentTableViewCell.h */ = {isa = PBXFileReference; lastKnownFileType = sourcecode.c.h; path = BYContentTableViewCell.h; sourceTree = "<group>"; };
		9FC445FF208B8783009BF75E /* BYContentTableViewCell.m */ = {isa = PBXFileReference; lastKnownFileType = sourcecode.c.objc; path = BYContentTableViewCell.m; sourceTree = "<group>"; };
		9FC44601208C3387009BF75E /* FocusTipView.h */ = {isa = PBXFileReference; lastKnownFileType = sourcecode.c.h; path = FocusTipView.h; sourceTree = "<group>"; };
		9FC44602208C3387009BF75E /* FocusTipView.m */ = {isa = PBXFileReference; lastKnownFileType = sourcecode.c.objc; path = FocusTipView.m; sourceTree = "<group>"; };
		9FC44605208C65B7009BF75E /* LostorDetailViewModel.h */ = {isa = PBXFileReference; lastKnownFileType = sourcecode.c.h; path = LostorDetailViewModel.h; sourceTree = "<group>"; };
		9FC44606208C65B7009BF75E /* LostorDetailViewModel.m */ = {isa = PBXFileReference; lastKnownFileType = sourcecode.c.objc; path = LostorDetailViewModel.m; sourceTree = "<group>"; };
		9FC44608208CCC54009BF75E /* ChoosePublishView.h */ = {isa = PBXFileReference; lastKnownFileType = sourcecode.c.h; path = ChoosePublishView.h; sourceTree = "<group>"; };
		9FC44609208CCC54009BF75E /* ChoosePublishView.m */ = {isa = PBXFileReference; lastKnownFileType = sourcecode.c.objc; path = ChoosePublishView.m; sourceTree = "<group>"; };
		9FC4460E208DB3EF009BF75E /* BYTagCollectionViewCell.h */ = {isa = PBXFileReference; fileEncoding = 4; lastKnownFileType = sourcecode.c.h; path = BYTagCollectionViewCell.h; sourceTree = "<group>"; };
		9FC4460F208DB3EF009BF75E /* BYTagsView.m */ = {isa = PBXFileReference; fileEncoding = 4; lastKnownFileType = sourcecode.c.objc; path = BYTagsView.m; sourceTree = "<group>"; };
		9FC44610208DB3EF009BF75E /* BYTagsView.h */ = {isa = PBXFileReference; fileEncoding = 4; lastKnownFileType = sourcecode.c.h; path = BYTagsView.h; sourceTree = "<group>"; };
		9FC44611208DB3EF009BF75E /* BYTagCollectionViewCell.m */ = {isa = PBXFileReference; fileEncoding = 4; lastKnownFileType = sourcecode.c.objc; path = BYTagCollectionViewCell.m; sourceTree = "<group>"; };
		9FC44614208DB418009BF75E /* BYCollectionViewFlowLayout.m */ = {isa = PBXFileReference; fileEncoding = 4; lastKnownFileType = sourcecode.c.objc; path = BYCollectionViewFlowLayout.m; sourceTree = "<group>"; };
		9FC44615208DB418009BF75E /* BYCollectionViewFlowLayout.h */ = {isa = PBXFileReference; fileEncoding = 4; lastKnownFileType = sourcecode.c.h; path = BYCollectionViewFlowLayout.h; sourceTree = "<group>"; };
		9FC44617208DBAB7009BF75E /* SearchPopView.h */ = {isa = PBXFileReference; lastKnownFileType = sourcecode.c.h; path = SearchPopView.h; sourceTree = "<group>"; };
		9FC44618208DBAB7009BF75E /* SearchPopView.m */ = {isa = PBXFileReference; lastKnownFileType = sourcecode.c.objc; path = SearchPopView.m; sourceTree = "<group>"; };
		9FC4461E208DE9D1009BF75E /* SearchCollectionHeaderView.h */ = {isa = PBXFileReference; lastKnownFileType = sourcecode.c.h; path = SearchCollectionHeaderView.h; sourceTree = "<group>"; };
		9FC4461F208DE9D1009BF75E /* SearchCollectionHeaderView.m */ = {isa = PBXFileReference; lastKnownFileType = sourcecode.c.objc; path = SearchCollectionHeaderView.m; sourceTree = "<group>"; };
		9FCA49332081D8CC008DF13F /* CommentTableViewCell.h */ = {isa = PBXFileReference; lastKnownFileType = sourcecode.c.h; path = CommentTableViewCell.h; sourceTree = "<group>"; };
		9FCA49342081D8CC008DF13F /* CommentTableViewCell.m */ = {isa = PBXFileReference; lastKnownFileType = sourcecode.c.objc; path = CommentTableViewCell.m; sourceTree = "<group>"; };
		9FCA49392082014A008DF13F /* BYStarButton.h */ = {isa = PBXFileReference; fileEncoding = 4; lastKnownFileType = sourcecode.c.h; path = BYStarButton.h; sourceTree = "<group>"; };
		9FCA493A2082014A008DF13F /* BYEvaluateStar.h */ = {isa = PBXFileReference; fileEncoding = 4; lastKnownFileType = sourcecode.c.h; path = BYEvaluateStar.h; sourceTree = "<group>"; };
		9FCA493B2082014A008DF13F /* BYEvaluateStar.m */ = {isa = PBXFileReference; fileEncoding = 4; lastKnownFileType = sourcecode.c.objc; path = BYEvaluateStar.m; sourceTree = "<group>"; };
		9FCA493C2082014A008DF13F /* BYStarButton.m */ = {isa = PBXFileReference; fileEncoding = 4; lastKnownFileType = sourcecode.c.objc; path = BYStarButton.m; sourceTree = "<group>"; };
		9FCA4942208216EA008DF13F /* BYDialogBox.h */ = {isa = PBXFileReference; fileEncoding = 4; lastKnownFileType = sourcecode.c.h; path = BYDialogBox.h; sourceTree = "<group>"; };
		9FCA4943208216EA008DF13F /* BYDialogBox.m */ = {isa = PBXFileReference; fileEncoding = 4; lastKnownFileType = sourcecode.c.objc; path = BYDialogBox.m; sourceTree = "<group>"; };
		9FDA92AB207899F50086C583 /* LostorFocusInfoTableViewCell.h */ = {isa = PBXFileReference; lastKnownFileType = sourcecode.c.h; path = LostorFocusInfoTableViewCell.h; sourceTree = "<group>"; };
		9FDA92AC207899F50086C583 /* LostorFocusInfoTableViewCell.m */ = {isa = PBXFileReference; lastKnownFileType = sourcecode.c.objc; path = LostorFocusInfoTableViewCell.m; sourceTree = "<group>"; };
		9FDA92AE2078B2FE0086C583 /* MorePhotoTableViewCell.h */ = {isa = PBXFileReference; lastKnownFileType = sourcecode.c.h; path = MorePhotoTableViewCell.h; sourceTree = "<group>"; };
		9FDA92AF2078B2FE0086C583 /* MorePhotoTableViewCell.m */ = {isa = PBXFileReference; lastKnownFileType = sourcecode.c.objc; path = MorePhotoTableViewCell.m; sourceTree = "<group>"; };
		9FDA92B12078C6860086C583 /* TitleTableViewCell.h */ = {isa = PBXFileReference; lastKnownFileType = sourcecode.c.h; path = TitleTableViewCell.h; sourceTree = "<group>"; };
		9FDA92B22078C6860086C583 /* TitleTableViewCell.m */ = {isa = PBXFileReference; lastKnownFileType = sourcecode.c.objc; path = TitleTableViewCell.m; sourceTree = "<group>"; };
		9FDA92B42078CAD30086C583 /* ClueChainTableViewCell.h */ = {isa = PBXFileReference; lastKnownFileType = sourcecode.c.h; path = ClueChainTableViewCell.h; sourceTree = "<group>"; };
		9FDA92B52078CAD30086C583 /* ClueChainTableViewCell.m */ = {isa = PBXFileReference; lastKnownFileType = sourcecode.c.objc; path = ClueChainTableViewCell.m; sourceTree = "<group>"; };
		9FDA92B82078E0910086C583 /* UITableViewCell+BottomLine.h */ = {isa = PBXFileReference; lastKnownFileType = sourcecode.c.h; path = "UITableViewCell+BottomLine.h"; sourceTree = "<group>"; };
		9FDA92B92078E0910086C583 /* UITableViewCell+BottomLine.m */ = {isa = PBXFileReference; lastKnownFileType = sourcecode.c.objc; path = "UITableViewCell+BottomLine.m"; sourceTree = "<group>"; };
		9FDA92BB2078F3390086C583 /* BottomOperateTableViewCell.h */ = {isa = PBXFileReference; lastKnownFileType = sourcecode.c.h; path = BottomOperateTableViewCell.h; sourceTree = "<group>"; };
		9FDA92BC2078F3390086C583 /* BottomOperateTableViewCell.m */ = {isa = PBXFileReference; lastKnownFileType = sourcecode.c.objc; path = BottomOperateTableViewCell.m; sourceTree = "<group>"; };
		9FFC1816205E637100CCAEC3 /* DaiTaHuiJia.app */ = {isa = PBXFileReference; explicitFileType = wrapper.application; includeInIndex = 0; path = DaiTaHuiJia.app; sourceTree = BUILT_PRODUCTS_DIR; };
		9FFC1819205E637100CCAEC3 /* AppDelegate.h */ = {isa = PBXFileReference; lastKnownFileType = sourcecode.c.h; path = AppDelegate.h; sourceTree = "<group>"; };
		9FFC181A205E637100CCAEC3 /* AppDelegate.m */ = {isa = PBXFileReference; lastKnownFileType = sourcecode.c.objc; path = AppDelegate.m; sourceTree = "<group>"; };
		9FFC181C205E637100CCAEC3 /* ViewController.h */ = {isa = PBXFileReference; lastKnownFileType = sourcecode.c.h; path = ViewController.h; sourceTree = "<group>"; };
		9FFC181D205E637100CCAEC3 /* ViewController.m */ = {isa = PBXFileReference; lastKnownFileType = sourcecode.c.objc; path = ViewController.m; sourceTree = "<group>"; };
		9FFC1820205E637100CCAEC3 /* Base */ = {isa = PBXFileReference; lastKnownFileType = file.storyboard; name = Base; path = Base.lproj/Main.storyboard; sourceTree = "<group>"; };
		9FFC1822205E637100CCAEC3 /* Assets.xcassets */ = {isa = PBXFileReference; lastKnownFileType = folder.assetcatalog; path = Assets.xcassets; sourceTree = "<group>"; };
		9FFC1825205E637100CCAEC3 /* Base */ = {isa = PBXFileReference; lastKnownFileType = file.storyboard; name = Base; path = Base.lproj/LaunchScreen.storyboard; sourceTree = "<group>"; };
		9FFC1827205E637100CCAEC3 /* Info.plist */ = {isa = PBXFileReference; lastKnownFileType = text.plist.xml; path = Info.plist; sourceTree = "<group>"; };
		9FFC1828205E637100CCAEC3 /* main.m */ = {isa = PBXFileReference; lastKnownFileType = sourcecode.c.objc; path = main.m; sourceTree = "<group>"; };
		9FFC1830205E66CA00CCAEC3 /* BaseTabBarController.h */ = {isa = PBXFileReference; lastKnownFileType = sourcecode.c.h; path = BaseTabBarController.h; sourceTree = "<group>"; };
		9FFC1831205E66CA00CCAEC3 /* BaseTabBarController.m */ = {isa = PBXFileReference; lastKnownFileType = sourcecode.c.objc; path = BaseTabBarController.m; sourceTree = "<group>"; };
		9FFC1833205E66FB00CCAEC3 /* BaseNavigationController.h */ = {isa = PBXFileReference; lastKnownFileType = sourcecode.c.h; path = BaseNavigationController.h; sourceTree = "<group>"; };
		9FFC1834205E66FB00CCAEC3 /* BaseNavigationController.m */ = {isa = PBXFileReference; lastKnownFileType = sourcecode.c.objc; path = BaseNavigationController.m; sourceTree = "<group>"; };
		9FFC1836205E671000CCAEC3 /* BaseViewController.h */ = {isa = PBXFileReference; lastKnownFileType = sourcecode.c.h; path = BaseViewController.h; sourceTree = "<group>"; };
		9FFC1837205E671000CCAEC3 /* BaseViewController.m */ = {isa = PBXFileReference; lastKnownFileType = sourcecode.c.objc; path = BaseViewController.m; sourceTree = "<group>"; };
		9FFC183A205E9AFC00CCAEC3 /* BYPublishTabBar.h */ = {isa = PBXFileReference; lastKnownFileType = sourcecode.c.h; path = BYPublishTabBar.h; sourceTree = "<group>"; };
		9FFC183B205E9AFC00CCAEC3 /* BYPublishTabBar.m */ = {isa = PBXFileReference; lastKnownFileType = sourcecode.c.objc; path = BYPublishTabBar.m; sourceTree = "<group>"; };
		9FFC183D205EAC0100CCAEC3 /* MainTabBar.h */ = {isa = PBXFileReference; lastKnownFileType = sourcecode.c.h; path = MainTabBar.h; sourceTree = "<group>"; };
		9FFC183E205EAC0100CCAEC3 /* MainTabBar.m */ = {isa = PBXFileReference; lastKnownFileType = sourcecode.c.objc; path = MainTabBar.m; sourceTree = "<group>"; };
		9FFC1840205EBA5500CCAEC3 /* PrefixHeader.pch */ = {isa = PBXFileReference; lastKnownFileType = sourcecode.c.h; path = PrefixHeader.pch; sourceTree = "<group>"; };
		9FFC18472066504000CCAEC3 /* PublishItemView.h */ = {isa = PBXFileReference; lastKnownFileType = sourcecode.c.h; path = PublishItemView.h; sourceTree = "<group>"; };
		9FFC18482066504000CCAEC3 /* PublishItemView.m */ = {isa = PBXFileReference; lastKnownFileType = sourcecode.c.objc; path = PublishItemView.m; sourceTree = "<group>"; };
		9FFC184C2066A62500CCAEC3 /* ChoosePublishViewController.h */ = {isa = PBXFileReference; lastKnownFileType = sourcecode.c.h; path = ChoosePublishViewController.h; sourceTree = "<group>"; };
		9FFC184D2066A62500CCAEC3 /* ChoosePublishViewController.m */ = {isa = PBXFileReference; lastKnownFileType = sourcecode.c.objc; path = ChoosePublishViewController.m; sourceTree = "<group>"; };
		9FFC18512066C9F800CCAEC3 /* MainPageViewController.h */ = {isa = PBXFileReference; lastKnownFileType = sourcecode.c.h; path = MainPageViewController.h; sourceTree = "<group>"; };
		9FFC18522066C9F800CCAEC3 /* MainPageViewController.m */ = {isa = PBXFileReference; lastKnownFileType = sourcecode.c.objc; path = MainPageViewController.m; sourceTree = "<group>"; };
		9FFC18542066CA0500CCAEC3 /* MineViewController.h */ = {isa = PBXFileReference; lastKnownFileType = sourcecode.c.h; path = MineViewController.h; sourceTree = "<group>"; };
		9FFC18552066CA0500CCAEC3 /* MineViewController.m */ = {isa = PBXFileReference; lastKnownFileType = sourcecode.c.objc; path = MineViewController.m; sourceTree = "<group>"; };
		F11CE97E0962DA773AE88C58 /* Pods-DaiTaHuiJia.debug.xcconfig */ = {isa = PBXFileReference; includeInIndex = 1; lastKnownFileType = text.xcconfig; name = "Pods-DaiTaHuiJia.debug.xcconfig"; path = "Pods/Target Support Files/Pods-DaiTaHuiJia/Pods-DaiTaHuiJia.debug.xcconfig"; sourceTree = "<group>"; };
/* End PBXFileReference section */

/* Begin PBXFrameworksBuildPhase section */
		9FFC1813205E637100CCAEC3 /* Frameworks */ = {
			isa = PBXFrameworksBuildPhase;
			buildActionMask = 2147483647;
			files = (
				51345D6035DDE44C9B560BD4 /* libPods-DaiTaHuiJia.a in Frameworks */,
			);
			runOnlyForDeploymentPostprocessing = 0;
		};
/* End PBXFrameworksBuildPhase section */

/* Begin PBXGroup section */
		29DF376093ED77E3B58D3E10 /* Frameworks */ = {
			isa = PBXGroup;
			children = (
				40EDA2CACE07B19F8D9778A1 /* libPods-DaiTaHuiJia.a */,
			);
			name = Frameworks;
			sourceTree = "<group>";
		};
		9F2713F720774E66000FC8E5 /* View */ = {
			isa = PBXGroup;
			children = (
				9F2713F420774E5F000FC8E5 /* MainCollectionViewCell.h */,
				9F2713F520774E5F000FC8E5 /* MainCollectionViewCell.m */,
				9F2714022077AEA1000FC8E5 /* LostorBirefView.h */,
				9F2714032077AEA1000FC8E5 /* LostorBirefView.m */,
				9FDA92AB207899F50086C583 /* LostorFocusInfoTableViewCell.h */,
				9FDA92AC207899F50086C583 /* LostorFocusInfoTableViewCell.m */,
				9FC445FE208B8783009BF75E /* BYContentTableViewCell.h */,
				9FC445FF208B8783009BF75E /* BYContentTableViewCell.m */,
				9FDA92AE2078B2FE0086C583 /* MorePhotoTableViewCell.h */,
				9FDA92AF2078B2FE0086C583 /* MorePhotoTableViewCell.m */,
				9FDA92B12078C6860086C583 /* TitleTableViewCell.h */,
				9FDA92B22078C6860086C583 /* TitleTableViewCell.m */,
				9FDA92B42078CAD30086C583 /* ClueChainTableViewCell.h */,
				9FDA92B52078CAD30086C583 /* ClueChainTableViewCell.m */,
				9FDA92BB2078F3390086C583 /* BottomOperateTableViewCell.h */,
				9FDA92BC2078F3390086C583 /* BottomOperateTableViewCell.m */,
				9FCA49332081D8CC008DF13F /* CommentTableViewCell.h */,
				9FCA49342081D8CC008DF13F /* CommentTableViewCell.m */,
				9FC445F82089E295009BF75E /* ReportPopView.h */,
				9FC445F92089E295009BF75E /* ReportPopView.m */,
				9FC445FB208B0EBE009BF75E /* BYCenterTitleTableViewCell.h */,
				9FC445FC208B0EBE009BF75E /* BYCenterTitleTableViewCell.m */,
				9FC44601208C3387009BF75E /* FocusTipView.h */,
				9FC44602208C3387009BF75E /* FocusTipView.m */,
				9FC44617208DBAB7009BF75E /* SearchPopView.h */,
				9FC44618208DBAB7009BF75E /* SearchPopView.m */,
				9FC4461E208DE9D1009BF75E /* SearchCollectionHeaderView.h */,
				9FC4461F208DE9D1009BF75E /* SearchCollectionHeaderView.m */,
			);
			path = View;
			sourceTree = "<group>";
		};
		9F2713F820774E6D000FC8E5 /* Controller */ = {
			isa = PBXGroup;
			children = (
				9FFC18512066C9F800CCAEC3 /* MainPageViewController.h */,
				9FFC18522066C9F800CCAEC3 /* MainPageViewController.m */,
				9F828EEA2070B6D300E440F2 /* DataListViewController.h */,
				9F828EEB2070B6D300E440F2 /* DataListViewController.m */,
				9F2713FA20779AD4000FC8E5 /* LostorDetaiViewController.h */,
				9F2713FB20779AD4000FC8E5 /* LostorDetaiViewController.m */,
			);
			path = Controller;
			sourceTree = "<group>";
		};
		9F2713F920774E75000FC8E5 /* Model */ = {
			isa = PBXGroup;
			children = (
				9F8657252095CFEC00A94728 /* LostBriefModel.h */,
				9F8657262095CFEC00A94728 /* LostBriefModel.m */,
				9F865728209600F000A94728 /* ClueModel.h */,
				9F865729209600F000A94728 /* ClueModel.m */,
				9F86572B20960D1700A94728 /* CommentModel.h */,
				9F86572C20960D1700A94728 /* CommentModel.m */,
			);
			path = Model;
			sourceTree = "<group>";
		};
		9F337BDB20B9A4C000F91EBC /* BYLimitTextView */ = {
			isa = PBXGroup;
			children = (
				9F337BDC20B9A4E200F91EBC /* BYLimitTextView.h */,
				9F337BDD20B9A4E200F91EBC /* BYLimitTextView.m */,
			);
			path = BYLimitTextView;
			sourceTree = "<group>";
		};
		9F337BEB20BA9F6F00F91EBC /* Model */ = {
			isa = PBXGroup;
			children = (
				9F337BEC20BA9F8300F91EBC /* HealthTagModel.h */,
				9F337BED20BA9F8300F91EBC /* HealthTagModel.m */,
			);
			path = Model;
			sourceTree = "<group>";
		};
		9F337BEF20BAA07600F91EBC /* ViewModel */ = {
			isa = PBXGroup;
			children = (
				9F337BF020BAA09E00F91EBC /* HealthTagViewModel.h */,
				9F337BF120BAA09E00F91EBC /* HealthTagViewModel.m */,
				9F337BF820BB056500F91EBC /* LostorBaseInfoViewModel.h */,
				9F337BF920BB056500F91EBC /* LostorBaseInfoViewModel.m */,
			);
			path = ViewModel;
			sourceTree = "<group>";
		};
		9F3FF74E206793BB006DBA49 /* View */ = {
			isa = PBXGroup;
			children = (
				9F3FF75A20679F59006DBA49 /* FunctionTableViewCell.h */,
				9F3FF75B20679F59006DBA49 /* FunctionTableViewCell.m */,
				9F3FF75D2067D13C006DBA49 /* UserBriefTableViewCell.h */,
				9F3FF75E2067D13C006DBA49 /* UserBriefTableViewCell.m */,
			);
			path = View;
			sourceTree = "<group>";
		};
		9F660550208F14B800E829CA /* RegistAndLogin */ = {
			isa = PBXGroup;
			children = (
				9F66055A208F575500E829CA /* ViewModel */,
				9F660553208F14DD00E829CA /* Model */,
				9F660552208F14D300E829CA /* Controller */,
				9F660551208F14CD00E829CA /* View */,
			);
			path = RegistAndLogin;
			sourceTree = "<group>";
		};
		9F660551208F14CD00E829CA /* View */ = {
			isa = PBXGroup;
			children = (
				9F66056B208F8B6B00E829CA /* RegisteFlowBaseView.h */,
				9F66056C208F8B6B00E829CA /* RegisteFlowBaseView.m */,
				9F66056E208F8DF800E829CA /* RegisteMobileFlowView.h */,
				9F66056F208F8DF800E829CA /* RegisteMobileFlowView.m */,
				9F6605712090505F00E829CA /* VerifyCodeFlowView.h */,
				9F6605722090505F00E829CA /* VerifyCodeFlowView.m */,
				9F6605742090616D00E829CA /* SetPasswordFlowView.h */,
				9F6605752090616D00E829CA /* SetPasswordFlowView.m */,
				9F66057720906B8500E829CA /* PersonalInfoFlowView.h */,
				9F66057820906B8500E829CA /* PersonalInfoFlowView.m */,
				9F66057A20907D9D00E829CA /* UploadImageView.h */,
				9F66057B20907D9D00E829CA /* UploadImageView.m */,
				9F66057D2090A1CE00E829CA /* AuthFlowView.h */,
				9F66057E2090A1CE00E829CA /* AuthFlowView.m */,
			);
			path = View;
			sourceTree = "<group>";
		};
		9F660552208F14D300E829CA /* Controller */ = {
			isa = PBXGroup;
			children = (
				9F660554208F14F400E829CA /* LoginViewController.h */,
				9F660555208F14F400E829CA /* LoginViewController.m */,
				9F66055F208F635600E829CA /* VerifyCodeViewController.h */,
				9F660560208F635600E829CA /* VerifyCodeViewController.m */,
				9F660562208F68F700E829CA /* RegisteViewController.h */,
				9F660563208F68F700E829CA /* RegisteViewController.m */,
				9F660565208F7FB600E829CA /* RegisteFlowViewController.h */,
				9F660566208F7FB600E829CA /* RegisteFlowViewController.m */,
			);
			path = Controller;
			sourceTree = "<group>";
		};
		9F660553208F14DD00E829CA /* Model */ = {
			isa = PBXGroup;
			children = (
			);
			path = Model;
			sourceTree = "<group>";
		};
		9F66055A208F575500E829CA /* ViewModel */ = {
			isa = PBXGroup;
			children = (
				9F660557208F574D00E829CA /* LoginViewModel.h */,
				9F660558208F574D00E829CA /* LoginViewModel.m */,
			);
			path = ViewModel;
			sourceTree = "<group>";
		};
		9F828EE3206FF68E00E440F2 /* BYSegement */ = {
			isa = PBXGroup;
			children = (
				9F828EE4206FF6E600E440F2 /* BYSegmentBadgeButton.h */,
				9F828EE6206FF6E600E440F2 /* BYSegmentBadgeButton.m */,
				9F828EE5206FF6E600E440F2 /* BYSegmentControl.h */,
				9F828EE7206FF6E700E440F2 /* BYSegmentControl.m */,
			);
			path = BYSegement;
			sourceTree = "<group>";
		};
		9FB8728420BC3D5F002512AC /* Region */ = {
			isa = PBXGroup;
			children = (
				9FB8728620BC3D75002512AC /* citydict.plist */,
				9FB8728720BC3D75002512AC /* regionGroupByThreeLevelUseOringinType.plist */,
				9FB8728520BC3D75002512AC /* regionOfThreeLevel.plist */,
				9FB8729420BC473E002512AC /* DistrictModel.h */,
				9FB8729520BC473E002512AC /* DistrictModel.m */,
				9FB8729720BC474C002512AC /* CityModel.h */,
				9FB8729820BC474C002512AC /* CityModel.m */,
				9FB8729A20BC475B002512AC /* ProvinceModel.h */,
				9FB8729B20BC475B002512AC /* ProvinceModel.m */,
			);
			path = Region;
			sourceTree = "<group>";
		};
		9FC445EB2089CEBB009BF75E /* FireworksView */ = {
			isa = PBXGroup;
			children = (
				9FC445EC2089CEE4009BF75E /* FireworksView.h */,
				9FC445ED2089CEE4009BF75E /* FireworksView.m */,
				9FC445EF2089CF40009BF75E /* PraiseButton.h */,
				9FC445F02089CF40009BF75E /* PraiseButton.m */,
			);
			path = FireworksView;
			sourceTree = "<group>";
		};
		9FC445F22089DAEF009BF75E /* BYBasePopView */ = {
			isa = PBXGroup;
			children = (
				9FC445F32089DB14009BF75E /* BYBasePopView.h */,
				9FC445F42089DB14009BF75E /* BYBasePopView.m */,
			);
			path = BYBasePopView;
			sourceTree = "<group>";
		};
		9FC44604208C657E009BF75E /* ViewModel */ = {
			isa = PBXGroup;
			children = (
				9FC44605208C65B7009BF75E /* LostorDetailViewModel.h */,
				9FC44606208C65B7009BF75E /* LostorDetailViewModel.m */,
			);
			path = ViewModel;
			sourceTree = "<group>";
		};
		9FC4460D208DB3A3009BF75E /* BYTagsView */ = {
			isa = PBXGroup;
			children = (
				9FC44615208DB418009BF75E /* BYCollectionViewFlowLayout.h */,
				9FC44614208DB418009BF75E /* BYCollectionViewFlowLayout.m */,
				9FC4460E208DB3EF009BF75E /* BYTagCollectionViewCell.h */,
				9FC44611208DB3EF009BF75E /* BYTagCollectionViewCell.m */,
				9FC44610208DB3EF009BF75E /* BYTagsView.h */,
				9FC4460F208DB3EF009BF75E /* BYTagsView.m */,
			);
			path = BYTagsView;
			sourceTree = "<group>";
		};
		9FCA493820820116008DF13F /* BYEvaluateStar */ = {
			isa = PBXGroup;
			children = (
				9FCA493A2082014A008DF13F /* BYEvaluateStar.h */,
				9FCA493B2082014A008DF13F /* BYEvaluateStar.m */,
				9FCA49392082014A008DF13F /* BYStarButton.h */,
				9FCA493C2082014A008DF13F /* BYStarButton.m */,
			);
			path = BYEvaluateStar;
			sourceTree = "<group>";
		};
		9FCA4941208216CB008DF13F /* BYDialogBox */ = {
			isa = PBXGroup;
			children = (
				9FCA4942208216EA008DF13F /* BYDialogBox.h */,
				9FCA4943208216EA008DF13F /* BYDialogBox.m */,
			);
			path = BYDialogBox;
			sourceTree = "<group>";
		};
		9FFC180D205E637100CCAEC3 = {
			isa = PBXGroup;
			children = (
				9FFC1818205E637100CCAEC3 /* DaiTaHuiJia */,
				9FFC1817205E637100CCAEC3 /* Products */,
				EE15E5C1C5334AE9C6E4C76D /* Pods */,
				29DF376093ED77E3B58D3E10 /* Frameworks */,
			);
			sourceTree = "<group>";
		};
		9FFC1817205E637100CCAEC3 /* Products */ = {
			isa = PBXGroup;
			children = (
				9FFC1816205E637100CCAEC3 /* DaiTaHuiJia.app */,
			);
			name = Products;
			sourceTree = "<group>";
		};
		9FFC1818205E637100CCAEC3 /* DaiTaHuiJia */ = {
			isa = PBXGroup;
			children = (
				9FB8728420BC3D5F002512AC /* Region */,
				9F660550208F14B800E829CA /* RegistAndLogin */,
				9FFC18502066C9E200CCAEC3 /* Mine */,
				9FFC184F2066C9D300CCAEC3 /* MainPage */,
				9FFC18452066501000CCAEC3 /* publish */,
				9FFC1839205E672200CCAEC3 /* Utils */,
				9FFC182F205E667800CCAEC3 /* BaseView */,
				9FFC1819205E637100CCAEC3 /* AppDelegate.h */,
				9FFC181A205E637100CCAEC3 /* AppDelegate.m */,
				9FFC181C205E637100CCAEC3 /* ViewController.h */,
				9FFC181D205E637100CCAEC3 /* ViewController.m */,
				9FFC181F205E637100CCAEC3 /* Main.storyboard */,
				9FFC1822205E637100CCAEC3 /* Assets.xcassets */,
				9FFC1824205E637100CCAEC3 /* LaunchScreen.storyboard */,
				9FFC1840205EBA5500CCAEC3 /* PrefixHeader.pch */,
				9FFC1827205E637100CCAEC3 /* Info.plist */,
				9FFC1828205E637100CCAEC3 /* main.m */,
			);
			path = DaiTaHuiJia;
			sourceTree = "<group>";
		};
		9FFC182F205E667800CCAEC3 /* BaseView */ = {
			isa = PBXGroup;
			children = (
				9F337BDB20B9A4C000F91EBC /* BYLimitTextView */,
				9FC4460D208DB3A3009BF75E /* BYTagsView */,
				9FC445F22089DAEF009BF75E /* BYBasePopView */,
				9FC445EB2089CEBB009BF75E /* FireworksView */,
				9FCA4941208216CB008DF13F /* BYDialogBox */,
				9FCA493820820116008DF13F /* BYEvaluateStar */,
				9F828EE3206FF68E00E440F2 /* BYSegement */,
				9FFC1830205E66CA00CCAEC3 /* BaseTabBarController.h */,
				9FFC1831205E66CA00CCAEC3 /* BaseTabBarController.m */,
				9FFC1833205E66FB00CCAEC3 /* BaseNavigationController.h */,
				9FFC1834205E66FB00CCAEC3 /* BaseNavigationController.m */,
				9FFC1836205E671000CCAEC3 /* BaseViewController.h */,
				9FFC1837205E671000CCAEC3 /* BaseViewController.m */,
				9FFC183A205E9AFC00CCAEC3 /* BYPublishTabBar.h */,
				9FFC183B205E9AFC00CCAEC3 /* BYPublishTabBar.m */,
				9FFC183D205EAC0100CCAEC3 /* MainTabBar.h */,
				9FFC183E205EAC0100CCAEC3 /* MainTabBar.m */,
				9F828EDE206FE16600E440F2 /* BYSearchSegmentNavgationBar.h */,
				9F828EDF206FE16600E440F2 /* BYSearchSegmentNavgationBar.m */,
				9F66054D208EF09200E829CA /* MockSearchBar.h */,
				9F66054E208EF09200E829CA /* MockSearchBar.m */,
				9F2713FD20779BB7000FC8E5 /* BYNavigationBar.h */,
				9F2713FE20779BB7000FC8E5 /* BYNavigationBar.m */,
			);
			path = BaseView;
			sourceTree = "<group>";
		};
		9FFC1839205E672200CCAEC3 /* Utils */ = {
			isa = PBXGroup;
			children = (
				9FB8728120BC348C002512AC /* NSDictionary+ValueForKey.h */,
				9FB8728220BC348C002512AC /* NSDictionary+ValueForKey.m */,
				9F3FF75820679B6B006DBA49 /* UIColor+UIColor_Hex.h */,
				9F3FF75720679B6B006DBA49 /* UIColor+UIColor_Hex.m */,
				9FDA92B82078E0910086C583 /* UITableViewCell+BottomLine.h */,
				9FDA92B92078E0910086C583 /* UITableViewCell+BottomLine.m */,
			);
			path = Utils;
			sourceTree = "<group>";
		};
		9FFC18452066501000CCAEC3 /* publish */ = {
			isa = PBXGroup;
			children = (
				9F337BEF20BAA07600F91EBC /* ViewModel */,
				9F337BEB20BA9F6F00F91EBC /* Model */,
				9FFC184A2066A5F700CCAEC3 /* Controller */,
				9FFC18462066501C00CCAEC3 /* View */,
			);
			path = publish;
			sourceTree = "<group>";
		};
		9FFC18462066501C00CCAEC3 /* View */ = {
			isa = PBXGroup;
			children = (
				9FFC18472066504000CCAEC3 /* PublishItemView.h */,
				9FFC18482066504000CCAEC3 /* PublishItemView.m */,
				9F337BD020B9698D00F91EBC /* BaseInfoHeader.h */,
				9F337BD120B9698D00F91EBC /* BaseInfoHeader.m */,
				9F337BD620B9A43800F91EBC /* BaseInfoFooter.h */,
				9F337BD720B9A43800F91EBC /* BaseInfoFooter.m */,
				9F337BD320B9909A00F91EBC /* ContentFillTableViewCell.h */,
				9F337BD420B9909A00F91EBC /* ContentFillTableViewCell.m */,
				9F337BE220BA805600F91EBC /* HealthInfoHeader.h */,
				9F337BE320BA805600F91EBC /* HealthInfoHeader.m */,
				9F337BE520BA88A300F91EBC /* HealthTagTableViewCell.h */,
				9F337BE620BA88A300F91EBC /* HealthTagTableViewCell.m */,
				9F337BE820BA8C2100F91EBC /* HealthTagCell.h */,
				9F337BE920BA8C2100F91EBC /* HealthTagCell.m */,
				9F337BFB20BB177600F91EBC /* DatePickerPopView.h */,
				9F337BFC20BB177600F91EBC /* DatePickerPopView.m */,
				9FB8727C20BC2A93002512AC /* GenderPickerPopView.h */,
				9FB8727D20BC2A93002512AC /* GenderPickerPopView.m */,
				9FB8728B20BC3ECE002512AC /* RegionPickerView.h */,
				9FB8728C20BC3ECE002512AC /* RegionPickerView.m */,
			);
			path = View;
			sourceTree = "<group>";
		};
		9FFC184A2066A5F700CCAEC3 /* Controller */ = {
			isa = PBXGroup;
			children = (
				9FFC184C2066A62500CCAEC3 /* ChoosePublishViewController.h */,
				9FFC184D2066A62500CCAEC3 /* ChoosePublishViewController.m */,
				9FC44608208CCC54009BF75E /* ChoosePublishView.h */,
				9FC44609208CCC54009BF75E /* ChoosePublishView.m */,
				9F337BCD20B95ACA00F91EBC /* LostorBaseInfoViewController.h */,
				9F337BCE20B95ACA00F91EBC /* LostorBaseInfoViewController.m */,
				9F337BDF20B9B5E300F91EBC /* LostorHealthInfoViewController.h */,
				9F337BE020B9B5E300F91EBC /* LostorHealthInfoViewController.m */,
				9F337BF320BAAAB900F91EBC /* LostorLostInfoViewController.h */,
				9F337BF420BAAAB900F91EBC /* LostorLostInfoViewController.m */,
			);
			path = Controller;
			sourceTree = "<group>";
		};
		9FFC184F2066C9D300CCAEC3 /* MainPage */ = {
			isa = PBXGroup;
			children = (
				9FC44604208C657E009BF75E /* ViewModel */,
				9F2713F920774E75000FC8E5 /* Model */,
				9F2713F820774E6D000FC8E5 /* Controller */,
				9F2713F720774E66000FC8E5 /* View */,
			);
			path = MainPage;
			sourceTree = "<group>";
		};
		9FFC18502066C9E200CCAEC3 /* Mine */ = {
			isa = PBXGroup;
			children = (
				9F3FF74E206793BB006DBA49 /* View */,
				9FFC18542066CA0500CCAEC3 /* MineViewController.h */,
				9FFC18552066CA0500CCAEC3 /* MineViewController.m */,
			);
			path = Mine;
			sourceTree = "<group>";
		};
		EE15E5C1C5334AE9C6E4C76D /* Pods */ = {
			isa = PBXGroup;
			children = (
				F11CE97E0962DA773AE88C58 /* Pods-DaiTaHuiJia.debug.xcconfig */,
				554155AF977F4C4F8B84F8F3 /* Pods-DaiTaHuiJia.release.xcconfig */,
			);
			name = Pods;
			sourceTree = "<group>";
		};
/* End PBXGroup section */

/* Begin PBXNativeTarget section */
		9FFC1815205E637100CCAEC3 /* DaiTaHuiJia */ = {
			isa = PBXNativeTarget;
			buildConfigurationList = 9FFC182C205E637100CCAEC3 /* Build configuration list for PBXNativeTarget "DaiTaHuiJia" */;
			buildPhases = (
				3CFBC1A7F3A0707A379F7228 /* [CP] Check Pods Manifest.lock */,
				9FFC1812205E637100CCAEC3 /* Sources */,
				9FFC1813205E637100CCAEC3 /* Frameworks */,
				9FFC1814205E637100CCAEC3 /* Resources */,
				4220C9133CD93827779C5911 /* [CP] Embed Pods Frameworks */,
				6CD6F29E550A884D895542B3 /* [CP] Copy Pods Resources */,
			);
			buildRules = (
			);
			dependencies = (
			);
			name = DaiTaHuiJia;
			productName = DaiTaHuiJia;
			productReference = 9FFC1816205E637100CCAEC3 /* DaiTaHuiJia.app */;
			productType = "com.apple.product-type.application";
		};
/* End PBXNativeTarget section */

/* Begin PBXProject section */
		9FFC180E205E637100CCAEC3 /* Project object */ = {
			isa = PBXProject;
			attributes = {
				LastUpgradeCheck = 0920;
				ORGANIZATIONNAME = "徐谦";
				TargetAttributes = {
					9FFC1815205E637100CCAEC3 = {
						CreatedOnToolsVersion = 9.2;
						ProvisioningStyle = Automatic;
					};
				};
			};
			buildConfigurationList = 9FFC1811205E637100CCAEC3 /* Build configuration list for PBXProject "DaiTaHuiJia" */;
			compatibilityVersion = "Xcode 8.0";
			developmentRegion = en;
			hasScannedForEncodings = 0;
			knownRegions = (
				en,
				Base,
			);
			mainGroup = 9FFC180D205E637100CCAEC3;
			productRefGroup = 9FFC1817205E637100CCAEC3 /* Products */;
			projectDirPath = "";
			projectRoot = "";
			targets = (
				9FFC1815205E637100CCAEC3 /* DaiTaHuiJia */,
			);
		};
/* End PBXProject section */

/* Begin PBXResourcesBuildPhase section */
		9FFC1814205E637100CCAEC3 /* Resources */ = {
			isa = PBXResourcesBuildPhase;
			buildActionMask = 2147483647;
			files = (
				9FB8728920BC3D75002512AC /* citydict.plist in Resources */,
				9FFC1826205E637100CCAEC3 /* LaunchScreen.storyboard in Resources */,
				9FFC1823205E637100CCAEC3 /* Assets.xcassets in Resources */,
				9FFC1821205E637100CCAEC3 /* Main.storyboard in Resources */,
				9FB8728A20BC3D75002512AC /* regionGroupByThreeLevelUseOringinType.plist in Resources */,
				9FB8728820BC3D75002512AC /* regionOfThreeLevel.plist in Resources */,
			);
			runOnlyForDeploymentPostprocessing = 0;
		};
/* End PBXResourcesBuildPhase section */

/* Begin PBXShellScriptBuildPhase section */
		3CFBC1A7F3A0707A379F7228 /* [CP] Check Pods Manifest.lock */ = {
			isa = PBXShellScriptBuildPhase;
			buildActionMask = 2147483647;
			files = (
			);
			inputPaths = (
				"${PODS_PODFILE_DIR_PATH}/Podfile.lock",
				"${PODS_ROOT}/Manifest.lock",
			);
			name = "[CP] Check Pods Manifest.lock";
			outputPaths = (
				"$(DERIVED_FILE_DIR)/Pods-DaiTaHuiJia-checkManifestLockResult.txt",
			);
			runOnlyForDeploymentPostprocessing = 0;
			shellPath = /bin/sh;
			shellScript = "diff \"${PODS_PODFILE_DIR_PATH}/Podfile.lock\" \"${PODS_ROOT}/Manifest.lock\" > /dev/null\nif [ $? != 0 ] ; then\n    # print error to STDERR\n    echo \"error: The sandbox is not in sync with the Podfile.lock. Run 'pod install' or update your CocoaPods installation.\" >&2\n    exit 1\nfi\n# This output is used by Xcode 'outputs' to avoid re-running this script phase.\necho \"SUCCESS\" > \"${SCRIPT_OUTPUT_FILE_0}\"\n";
			showEnvVarsInLog = 0;
		};
		4220C9133CD93827779C5911 /* [CP] Embed Pods Frameworks */ = {
			isa = PBXShellScriptBuildPhase;
			buildActionMask = 2147483647;
			files = (
			);
			inputPaths = (
			);
			name = "[CP] Embed Pods Frameworks";
			outputPaths = (
			);
			runOnlyForDeploymentPostprocessing = 0;
			shellPath = /bin/sh;
			shellScript = "\"${SRCROOT}/Pods/Target Support Files/Pods-DaiTaHuiJia/Pods-DaiTaHuiJia-frameworks.sh\"\n";
			showEnvVarsInLog = 0;
		};
		6CD6F29E550A884D895542B3 /* [CP] Copy Pods Resources */ = {
			isa = PBXShellScriptBuildPhase;
			buildActionMask = 2147483647;
			files = (
			);
			inputPaths = (
				"${SRCROOT}/Pods/Target Support Files/Pods-DaiTaHuiJia/Pods-DaiTaHuiJia-resources.sh",
				"${PODS_ROOT}/TZImagePickerController/TZImagePickerController/TZImagePickerController/TZImagePickerController.bundle",
			);
			name = "[CP] Copy Pods Resources";
			outputPaths = (
				"${TARGET_BUILD_DIR}/${UNLOCALIZED_RESOURCES_FOLDER_PATH}",
			);
			runOnlyForDeploymentPostprocessing = 0;
			shellPath = /bin/sh;
			shellScript = "\"${SRCROOT}/Pods/Target Support Files/Pods-DaiTaHuiJia/Pods-DaiTaHuiJia-resources.sh\"\n";
			showEnvVarsInLog = 0;
		};
/* End PBXShellScriptBuildPhase section */

/* Begin PBXSourcesBuildPhase section */
		9FFC1812205E637100CCAEC3 /* Sources */ = {
			isa = PBXSourcesBuildPhase;
			buildActionMask = 2147483647;
			files = (
				9FDA92BA2078E0910086C583 /* UITableViewCell+BottomLine.m in Sources */,
				9F337BEE20BA9F8300F91EBC /* HealthTagModel.m in Sources */,
				9F337BFA20BB056500F91EBC /* LostorBaseInfoViewModel.m in Sources */,
				9FFC18492066504000CCAEC3 /* PublishItemView.m in Sources */,
				9F6605732090505F00E829CA /* VerifyCodeFlowView.m in Sources */,
				9F66057C20907D9D00E829CA /* UploadImageView.m in Sources */,
				9F337BEA20BA8C2100F91EBC /* HealthTagCell.m in Sources */,
				9FC44613208DB3EF009BF75E /* BYTagCollectionViewCell.m in Sources */,
				9F66057920906B8500E829CA /* PersonalInfoFlowView.m in Sources */,
				9FDA92BD2078F3390086C583 /* BottomOperateTableViewCell.m in Sources */,
				9F828EEC2070B6D300E440F2 /* DataListViewController.m in Sources */,
				9FB8729C20BC475B002512AC /* ProvinceModel.m in Sources */,
				9F337BCF20B95ACA00F91EBC /* LostorBaseInfoViewController.m in Sources */,
				9FB8729620BC473E002512AC /* DistrictModel.m in Sources */,
				9F337BF220BAA09E00F91EBC /* HealthTagViewModel.m in Sources */,
				9FFC184E2066A62500CCAEC3 /* ChoosePublishViewController.m in Sources */,
				9FFC18532066C9F800CCAEC3 /* MainPageViewController.m in Sources */,
				9FDA92B32078C6860086C583 /* TitleTableViewCell.m in Sources */,
				9FC44612208DB3EF009BF75E /* BYTagsView.m in Sources */,
				9FC445F12089CF40009BF75E /* PraiseButton.m in Sources */,
				9F337BFD20BB177600F91EBC /* DatePickerPopView.m in Sources */,
				9FC44620208DE9D1009BF75E /* SearchCollectionHeaderView.m in Sources */,
				9F660556208F14F400E829CA /* LoginViewController.m in Sources */,
				9FFC18562066CA0500CCAEC3 /* MineViewController.m in Sources */,
				9FC44603208C3387009BF75E /* FocusTipView.m in Sources */,
				9FB8728320BC348C002512AC /* NSDictionary+ValueForKey.m in Sources */,
				9F6605762090616D00E829CA /* SetPasswordFlowView.m in Sources */,
				9F828EE8206FF6E700E440F2 /* BYSegmentBadgeButton.m in Sources */,
				9F660567208F7FB600E829CA /* RegisteFlowViewController.m in Sources */,
				9F8657272095CFEC00A94728 /* LostBriefModel.m in Sources */,
				9F2713FF20779BB7000FC8E5 /* BYNavigationBar.m in Sources */,
				9F337BD520B9909A00F91EBC /* ContentFillTableViewCell.m in Sources */,
				9F337BD820B9A43800F91EBC /* BaseInfoFooter.m in Sources */,
				9F66054F208EF09200E829CA /* MockSearchBar.m in Sources */,
				9FFC183F205EAC0100CCAEC3 /* MainTabBar.m in Sources */,
				9F660561208F635600E829CA /* VerifyCodeViewController.m in Sources */,
				9F660559208F574D00E829CA /* LoginViewModel.m in Sources */,
				9FC44607208C65B7009BF75E /* LostorDetailViewModel.m in Sources */,
				9FB8727E20BC2A93002512AC /* GenderPickerPopView.m in Sources */,
				9FDA92B62078CAD30086C583 /* ClueChainTableViewCell.m in Sources */,
				9FC4460A208CCC54009BF75E /* ChoosePublishView.m in Sources */,
				9F2713F620774E5F000FC8E5 /* MainCollectionViewCell.m in Sources */,
				9FC445F52089DB14009BF75E /* BYBasePopView.m in Sources */,
				9F337BF520BAAAB900F91EBC /* LostorLostInfoViewController.m in Sources */,
				9FB8728D20BC3ECE002512AC /* RegionPickerView.m in Sources */,
				9F660570208F8DF800E829CA /* RegisteMobileFlowView.m in Sources */,
				9FCA49352081D8CC008DF13F /* CommentTableViewCell.m in Sources */,
				9FB8729920BC474C002512AC /* CityModel.m in Sources */,
				9F2713FC20779AD4000FC8E5 /* LostorDetaiViewController.m in Sources */,
				9FFC1832205E66CA00CCAEC3 /* BaseTabBarController.m in Sources */,
				9F66057F2090A1CE00E829CA /* AuthFlowView.m in Sources */,
				9F66056D208F8B6B00E829CA /* RegisteFlowBaseView.m in Sources */,
				9FDA92AD207899F50086C583 /* LostorFocusInfoTableViewCell.m in Sources */,
				9FC445EE2089CEE4009BF75E /* FireworksView.m in Sources */,
				9F2714042077AEA1000FC8E5 /* LostorBirefView.m in Sources */,
				9F86572A209600F000A94728 /* ClueModel.m in Sources */,
				9FFC183C205E9AFC00CCAEC3 /* BYPublishTabBar.m in Sources */,
				9FDA92B02078B2FE0086C583 /* MorePhotoTableViewCell.m in Sources */,
				9F828EE9206FF6E700E440F2 /* BYSegmentControl.m in Sources */,
				9FC44616208DB418009BF75E /* BYCollectionViewFlowLayout.m in Sources */,
				9FC44619208DBAB7009BF75E /* SearchPopView.m in Sources */,
				9F3FF75C20679F59006DBA49 /* FunctionTableViewCell.m in Sources */,
				9F828EE0206FE16600E440F2 /* BYSearchSegmentNavgationBar.m in Sources */,
				9F86572D20960D1700A94728 /* CommentModel.m in Sources */,
				9FC445FD208B0EBE009BF75E /* BYCenterTitleTableViewCell.m in Sources */,
				9FFC1838205E671000CCAEC3 /* BaseViewController.m in Sources */,
				9F660564208F68F700E829CA /* RegisteViewController.m in Sources */,
				9FC44600208B8783009BF75E /* BYContentTableViewCell.m in Sources */,
				9FFC181E205E637100CCAEC3 /* ViewController.m in Sources */,
				9FFC1829205E637100CCAEC3 /* main.m in Sources */,
				9FC445FA2089E295009BF75E /* ReportPopView.m in Sources */,
				9FCA4944208216EA008DF13F /* BYDialogBox.m in Sources */,
				9FCA493E2082014A008DF13F /* BYStarButton.m in Sources */,
				9F3FF75920679B6B006DBA49 /* UIColor+UIColor_Hex.m in Sources */,
				9F337BE420BA805600F91EBC /* HealthInfoHeader.m in Sources */,
				9FCA493D2082014A008DF13F /* BYEvaluateStar.m in Sources */,
				9FFC181B205E637100CCAEC3 /* AppDelegate.m in Sources */,
				9F337BD220B9698D00F91EBC /* BaseInfoHeader.m in Sources */,
				9F3FF75F2067D13C006DBA49 /* UserBriefTableViewCell.m in Sources */,
				9F337BDE20B9A4E200F91EBC /* BYLimitTextView.m in Sources */,
				9F337BE120B9B5E300F91EBC /* LostorHealthInfoViewController.m in Sources */,
				9F337BE720BA88A300F91EBC /* HealthTagTableViewCell.m in Sources */,
				9FFC1835205E66FB00CCAEC3 /* BaseNavigationController.m in Sources */,
			);
			runOnlyForDeploymentPostprocessing = 0;
		};
/* End PBXSourcesBuildPhase section */

/* Begin PBXVariantGroup section */
		9FFC181F205E637100CCAEC3 /* Main.storyboard */ = {
			isa = PBXVariantGroup;
			children = (
				9FFC1820205E637100CCAEC3 /* Base */,
			);
			name = Main.storyboard;
			sourceTree = "<group>";
		};
		9FFC1824205E637100CCAEC3 /* LaunchScreen.storyboard */ = {
			isa = PBXVariantGroup;
			children = (
				9FFC1825205E637100CCAEC3 /* Base */,
			);
			name = LaunchScreen.storyboard;
			sourceTree = "<group>";
		};
/* End PBXVariantGroup section */

/* Begin XCBuildConfiguration section */
		9FFC182A205E637100CCAEC3 /* Debug */ = {
			isa = XCBuildConfiguration;
			buildSettings = {
				ALWAYS_SEARCH_USER_PATHS = NO;
				CLANG_ANALYZER_NONNULL = YES;
				CLANG_ANALYZER_NUMBER_OBJECT_CONVERSION = YES_AGGRESSIVE;
				CLANG_CXX_LANGUAGE_STANDARD = "gnu++14";
				CLANG_CXX_LIBRARY = "libc++";
				CLANG_ENABLE_MODULES = YES;
				CLANG_ENABLE_OBJC_ARC = YES;
				CLANG_WARN_BLOCK_CAPTURE_AUTORELEASING = YES;
				CLANG_WARN_BOOL_CONVERSION = YES;
				CLANG_WARN_COMMA = YES;
				CLANG_WARN_CONSTANT_CONVERSION = YES;
				CLANG_WARN_DIRECT_OBJC_ISA_USAGE = YES_ERROR;
				CLANG_WARN_DOCUMENTATION_COMMENTS = YES;
				CLANG_WARN_EMPTY_BODY = YES;
				CLANG_WARN_ENUM_CONVERSION = YES;
				CLANG_WARN_INFINITE_RECURSION = YES;
				CLANG_WARN_INT_CONVERSION = YES;
				CLANG_WARN_NON_LITERAL_NULL_CONVERSION = YES;
				CLANG_WARN_OBJC_LITERAL_CONVERSION = YES;
				CLANG_WARN_OBJC_ROOT_CLASS = YES_ERROR;
				CLANG_WARN_RANGE_LOOP_ANALYSIS = YES;
				CLANG_WARN_STRICT_PROTOTYPES = YES;
				CLANG_WARN_SUSPICIOUS_MOVE = YES;
				CLANG_WARN_UNGUARDED_AVAILABILITY = YES_AGGRESSIVE;
				CLANG_WARN_UNREACHABLE_CODE = YES;
				CLANG_WARN__DUPLICATE_METHOD_MATCH = YES;
				CODE_SIGN_IDENTITY = "iPhone Developer";
				COPY_PHASE_STRIP = NO;
				DEBUG_INFORMATION_FORMAT = dwarf;
				ENABLE_STRICT_OBJC_MSGSEND = YES;
				ENABLE_TESTABILITY = YES;
				GCC_C_LANGUAGE_STANDARD = gnu11;
				GCC_DYNAMIC_NO_PIC = NO;
				GCC_NO_COMMON_BLOCKS = YES;
				GCC_OPTIMIZATION_LEVEL = 0;
				GCC_PREPROCESSOR_DEFINITIONS = (
					"DEBUG=1",
					"$(inherited)",
				);
				GCC_WARN_64_TO_32_BIT_CONVERSION = YES;
				GCC_WARN_ABOUT_RETURN_TYPE = YES_ERROR;
				GCC_WARN_UNDECLARED_SELECTOR = YES;
				GCC_WARN_UNINITIALIZED_AUTOS = YES_AGGRESSIVE;
				GCC_WARN_UNUSED_FUNCTION = YES;
				GCC_WARN_UNUSED_VARIABLE = YES;
				IPHONEOS_DEPLOYMENT_TARGET = 11.2;
				MTL_ENABLE_DEBUG_INFO = YES;
				ONLY_ACTIVE_ARCH = YES;
				SDKROOT = iphoneos;
			};
			name = Debug;
		};
		9FFC182B205E637100CCAEC3 /* Release */ = {
			isa = XCBuildConfiguration;
			buildSettings = {
				ALWAYS_SEARCH_USER_PATHS = NO;
				CLANG_ANALYZER_NONNULL = YES;
				CLANG_ANALYZER_NUMBER_OBJECT_CONVERSION = YES_AGGRESSIVE;
				CLANG_CXX_LANGUAGE_STANDARD = "gnu++14";
				CLANG_CXX_LIBRARY = "libc++";
				CLANG_ENABLE_MODULES = YES;
				CLANG_ENABLE_OBJC_ARC = YES;
				CLANG_WARN_BLOCK_CAPTURE_AUTORELEASING = YES;
				CLANG_WARN_BOOL_CONVERSION = YES;
				CLANG_WARN_COMMA = YES;
				CLANG_WARN_CONSTANT_CONVERSION = YES;
				CLANG_WARN_DIRECT_OBJC_ISA_USAGE = YES_ERROR;
				CLANG_WARN_DOCUMENTATION_COMMENTS = YES;
				CLANG_WARN_EMPTY_BODY = YES;
				CLANG_WARN_ENUM_CONVERSION = YES;
				CLANG_WARN_INFINITE_RECURSION = YES;
				CLANG_WARN_INT_CONVERSION = YES;
				CLANG_WARN_NON_LITERAL_NULL_CONVERSION = YES;
				CLANG_WARN_OBJC_LITERAL_CONVERSION = YES;
				CLANG_WARN_OBJC_ROOT_CLASS = YES_ERROR;
				CLANG_WARN_RANGE_LOOP_ANALYSIS = YES;
				CLANG_WARN_STRICT_PROTOTYPES = YES;
				CLANG_WARN_SUSPICIOUS_MOVE = YES;
				CLANG_WARN_UNGUARDED_AVAILABILITY = YES_AGGRESSIVE;
				CLANG_WARN_UNREACHABLE_CODE = YES;
				CLANG_WARN__DUPLICATE_METHOD_MATCH = YES;
				CODE_SIGN_IDENTITY = "iPhone Developer";
				COPY_PHASE_STRIP = NO;
				DEBUG_INFORMATION_FORMAT = "dwarf-with-dsym";
				ENABLE_NS_ASSERTIONS = NO;
				ENABLE_STRICT_OBJC_MSGSEND = YES;
				GCC_C_LANGUAGE_STANDARD = gnu11;
				GCC_NO_COMMON_BLOCKS = YES;
				GCC_WARN_64_TO_32_BIT_CONVERSION = YES;
				GCC_WARN_ABOUT_RETURN_TYPE = YES_ERROR;
				GCC_WARN_UNDECLARED_SELECTOR = YES;
				GCC_WARN_UNINITIALIZED_AUTOS = YES_AGGRESSIVE;
				GCC_WARN_UNUSED_FUNCTION = YES;
				GCC_WARN_UNUSED_VARIABLE = YES;
				IPHONEOS_DEPLOYMENT_TARGET = 11.2;
				MTL_ENABLE_DEBUG_INFO = NO;
				SDKROOT = iphoneos;
				VALIDATE_PRODUCT = YES;
			};
			name = Release;
		};
		9FFC182D205E637100CCAEC3 /* Debug */ = {
			isa = XCBuildConfiguration;
			baseConfigurationReference = F11CE97E0962DA773AE88C58 /* Pods-DaiTaHuiJia.debug.xcconfig */;
			buildSettings = {
				ASSETCATALOG_COMPILER_APPICON_NAME = AppIcon;
				"CODE_SIGN_IDENTITY[sdk=iphoneos*]" = "iPhone Developer";
				CODE_SIGN_STYLE = Automatic;
				DEVELOPMENT_TEAM = XS7VE74UZS;
				GCC_PRECOMPILE_PREFIX_HEADER = YES;
				GCC_PREFIX_HEADER = "$(SRCROOT)/DaiTaHuiJia/PrefixHeader.pch";
				INFOPLIST_FILE = DaiTaHuiJia/Info.plist;
				IPHONEOS_DEPLOYMENT_TARGET = 10.0;
				LD_RUNPATH_SEARCH_PATHS = "$(inherited) @executable_path/Frameworks";
				PRODUCT_BUNDLE_IDENTIFIER = zjicm603.DaiTaHuiJia;
				PRODUCT_NAME = "$(TARGET_NAME)";
				PROVISIONING_PROFILE_SPECIFIER = "";
				TARGETED_DEVICE_FAMILY = "1,2";
			};
			name = Debug;
		};
		9FFC182E205E637100CCAEC3 /* Release */ = {
			isa = XCBuildConfiguration;
			baseConfigurationReference = 554155AF977F4C4F8B84F8F3 /* Pods-DaiTaHuiJia.release.xcconfig */;
			buildSettings = {
				ASSETCATALOG_COMPILER_APPICON_NAME = AppIcon;
				"CODE_SIGN_IDENTITY[sdk=iphoneos*]" = "iPhone Developer";
				CODE_SIGN_STYLE = Automatic;
				DEVELOPMENT_TEAM = XS7VE74UZS;
				GCC_PRECOMPILE_PREFIX_HEADER = YES;
				GCC_PREFIX_HEADER = "$(SRCROOT)/DaiTaHuiJia/PrefixHeader.pch";
				INFOPLIST_FILE = DaiTaHuiJia/Info.plist;
				IPHONEOS_DEPLOYMENT_TARGET = 10.0;
				LD_RUNPATH_SEARCH_PATHS = "$(inherited) @executable_path/Frameworks";
				PRODUCT_BUNDLE_IDENTIFIER = zjicm603.DaiTaHuiJia;
				PRODUCT_NAME = "$(TARGET_NAME)";
				PROVISIONING_PROFILE_SPECIFIER = "";
				TARGETED_DEVICE_FAMILY = "1,2";
			};
			name = Release;
		};
/* End XCBuildConfiguration section */

/* Begin XCConfigurationList section */
		9FFC1811205E637100CCAEC3 /* Build configuration list for PBXProject "DaiTaHuiJia" */ = {
			isa = XCConfigurationList;
			buildConfigurations = (
				9FFC182A205E637100CCAEC3 /* Debug */,
				9FFC182B205E637100CCAEC3 /* Release */,
			);
			defaultConfigurationIsVisible = 0;
			defaultConfigurationName = Release;
		};
		9FFC182C205E637100CCAEC3 /* Build configuration list for PBXNativeTarget "DaiTaHuiJia" */ = {
			isa = XCConfigurationList;
			buildConfigurations = (
				9FFC182D205E637100CCAEC3 /* Debug */,
				9FFC182E205E637100CCAEC3 /* Release */,
			);
			defaultConfigurationIsVisible = 0;
			defaultConfigurationName = Release;
		};
/* End XCConfigurationList section */
	};
	rootObject = 9FFC180E205E637100CCAEC3 /* Project object */;
}
